{
  "version": 4,
  "terraform_version": "1.5.7",
  "serial": 118,
  "lineage": "16511568-9bc5-ddb7-f3bd-0ee4935fdc2e",
  "outputs": {
    "alb_dns_name": {
      "value": "plan-charge-prod-alb-2004483215.eu-west-3.elb.amazonaws.com",
      "type": "string"
    },
    "alb_url": {
      "value": "https://plan-charge-prod-alb-2004483215.eu-west-3.elb.amazonaws.com",
      "type": "string"
    },
    "alb_zone_id": {
      "value": "Z3Q77PNBQS71R4",
      "type": "string"
    },
    "api_url": {
      "value": "https://plan-de-charge.aws.nda-partners.com/api/v1",
      "type": "string"
    },
    "application_url": {
      "value": "https://plan-de-charge.aws.nda-partners.com",
      "type": "string"
    },
    "backend_service_name": {
      "value": "plan-charge-prod-backend",
      "type": "string"
    },
    "cloudfront_distribution_id": {
      "value": "E3U93II4ZE9MCI",
      "type": "string"
    },
    "cloudfront_domain_name": {
      "value": "dis3qbt9ad714.cloudfront.net",
      "type": "string"
    },
    "cloudfront_hosted_zone_id": {
      "value": "Z2FDTNDATAQYW2",
      "type": "string"
    },
    "cloudwatch_log_group": {
      "value": "/ecs/plan-charge-prod",
      "type": "string"
    },
    "docs_url": {
      "value": "https://plan-de-charge.aws.nda-partners.com/docs",
      "type": "string"
    },
    "ecr_repositories": {
      "value": {
        "backend": "557937909547.dkr.ecr.eu-west-3.amazonaws.com/plan-charge-backend:latest",
        "celery": "557937909547.dkr.ecr.eu-west-3.amazonaws.com/plan-charge-celery:latest",
        "frontend": "557937909547.dkr.ecr.eu-west-3.amazonaws.com/plan-charge-frontend:latest"
      },
      "type": [
        "object",
        {
          "backend": "string",
          "celery": "string",
          "frontend": "string"
        }
      ]
    },
    "ecs_cluster_name": {
      "value": "plan-charge-prod-cluster",
      "type": "string"
    },
    "estimated_monthly_cost": {
      "value": {
        "alb": "~25 EUR",
        "cloudfront": "~5 EUR",
        "fargate": "~40 EUR (2x backend + 2x frontend + 1x celery)",
        "nat_gateway": "~50 EUR",
        "optimized": "~105 EUR/mois (sans NAT Gateway, avec VPC endpoints)",
        "rds": "~18 EUR (db.t3.micro, Single-AZ)",
        "redis": "~15 EUR (cache.t3.micro)",
        "route53": "~2 EUR",
        "total": "~155 EUR/mois"
      },
      "type": [
        "object",
        {
          "alb": "string",
          "cloudfront": "string",
          "fargate": "string",
          "nat_gateway": "string",
          "optimized": "string",
          "rds": "string",
          "redis": "string",
          "route53": "string",
          "total": "string"
        }
      ]
    },
    "frontend_service_name": {
      "value": "plan-charge-prod-frontend",
      "type": "string"
    },
    "health_check_id": {
      "value": "333fc1f4-5815-4996-8954-3bf81d1baf99",
      "type": "string"
    },
    "parameter_store_prefix": {
      "value": "/plan-charge/prod/",
      "type": "string"
    },
    "rds_endpoint": {
      "value": "plan-charge-prod-db.cm296zxv9y8r.eu-west-3.rds.amazonaws.com:5432",
      "type": "string",
      "sensitive": true
    },
    "redis_endpoint": {
      "value": "plan-charge-prod-redis.apow54.0001.euw3.cache.amazonaws.com",
      "type": "string",
      "sensitive": true
    },
    "route53_name_servers": {
      "value": [
        "ns-1651.awsdns-14.co.uk",
        "ns-661.awsdns-18.net",
        "ns-284.awsdns-35.com",
        "ns-1261.awsdns-29.org"
      ],
      "type": [
        "list",
        "string"
      ]
    },
    "route53_zone_id": {
      "value": "Z03619201TLOZ0RGN61SR",
      "type": "string"
    },
    "vpc_id": {
      "value": "vpc-085d1508f580455ed",
      "type": "string"
    }
  },
  "resources": [
    {
      "mode": "data",
      "type": "aws_availability_zones",
      "name": "available",
      "provider": "provider[\"registry.terraform.io/hashicorp/aws\"]",
      "instances": [
        {
          "schema_version": 0,
          "attributes": {
            "all_availability_zones": null,
            "exclude_names": null,
            "exclude_zone_ids": null,
            "filter": null,
            "group_names": [
              "eu-west-3-zg-1"
            ],
            "id": "eu-west-3",
            "names": [
              "eu-west-3a",
              "eu-west-3b",
              "eu-west-3c"
            ],
            "state": "available",
            "timeouts": null,
            "zone_ids": [
              "euw3-az1",
              "euw3-az2",
              "euw3-az3"
            ]
          },
          "sensitive_attributes": []
        }
      ]
    },
    {
      "mode": "data",
      "type": "aws_caller_identity",
      "name": "current",
      "provider": "provider[\"registry.terraform.io/hashicorp/aws\"]",
      "instances": [
        {
          "schema_version": 0,
          "attributes": {
            "account_id": "557937909547",
            "arn": "arn:aws:iam::557937909547:user/des-datalab-david",
            "id": "557937909547",
            "user_id": "AIDAYDZ5Q34VWGM5W5IJE"
          },
          "sensitive_attributes": []
        }
      ]
    },
    {
      "mode": "data",
      "type": "aws_route53_zone",
      "name": "main",
      "provider": "provider[\"registry.terraform.io/hashicorp/aws\"]",
      "instances": [
        {
          "schema_version": 0,
          "attributes": {
            "arn": "arn:aws:route53:::hostedzone/Z03619201TLOZ0RGN61SR",
            "caller_reference": "1755283834-plan-charge",
            "comment": "Zone déléguée pour les applications AWS NDA",
            "id": "Z03619201TLOZ0RGN61SR",
            "linked_service_description": null,
            "linked_service_principal": null,
            "name": "aws.nda-partners.com",
            "name_servers": [
              "ns-1651.awsdns-14.co.uk",
              "ns-661.awsdns-18.net",
              "ns-284.awsdns-35.com",
              "ns-1261.awsdns-29.org"
            ],
            "primary_name_server": "ns-1651.awsdns-14.co.uk",
            "private_zone": false,
            "resource_record_set_count": 8,
            "tags": {},
            "vpc_id": null,
            "zone_id": "Z03619201TLOZ0RGN61SR"
          },
          "sensitive_attributes": []
        }
      ]
    },
    {
      "mode": "data",
      "type": "aws_ssm_parameter",
      "name": "azure_client_id",
      "provider": "provider[\"registry.terraform.io/hashicorp/aws\"]",
      "instances": [
        {
          "schema_version": 0,
          "attributes": {
            "arn": "arn:aws:ssm:eu-west-3:557937909547:parameter/plan-charge/prod/azure-client-id",
            "id": "/plan-charge/prod/azure-client-id",
            "insecure_value": "297111e3-85c8-4da3-8719-95ea5ce8ed50",
            "name": "/plan-charge/prod/azure-client-id",
            "type": "String",
            "value": "297111e3-85c8-4da3-8719-95ea5ce8ed50",
            "version": 3,
            "with_decryption": true
          },
          "sensitive_attributes": []
        }
      ]
    },
    {
      "mode": "data",
      "type": "aws_ssm_parameter",
      "name": "azure_redirect_uri",
      "provider": "provider[\"registry.terraform.io/hashicorp/aws\"]",
      "instances": [
        {
          "schema_version": 0,
          "attributes": {
            "arn": "arn:aws:ssm:eu-west-3:557937909547:parameter/plan-charge/prod/azure-redirect-uri",
            "id": "/plan-charge/prod/azure-redirect-uri",
            "insecure_value": "https://plan-de-charge.aws.nda-partners.com/auth/callback",
            "name": "/plan-charge/prod/azure-redirect-uri",
            "type": "String",
            "value": "https://plan-de-charge.aws.nda-partners.com/auth/callback",
            "version": 1,
            "with_decryption": true
          },
          "sensitive_attributes": []
        }
      ]
    },
    {
      "mode": "data",
      "type": "aws_ssm_parameter",
      "name": "azure_tenant_id",
      "provider": "provider[\"registry.terraform.io/hashicorp/aws\"]",
      "instances": [
        {
          "schema_version": 0,
          "attributes": {
            "arn": "arn:aws:ssm:eu-west-3:557937909547:parameter/plan-charge/prod/azure-tenant-id",
            "id": "/plan-charge/prod/azure-tenant-id",
            "insecure_value": "1e1ef656-4a7f-4ea3-b5b8-2713d2e6f74d",
            "name": "/plan-charge/prod/azure-tenant-id",
            "type": "String",
            "value": "1e1ef656-4a7f-4ea3-b5b8-2713d2e6f74d",
            "version": 3,
            "with_decryption": true
          },
          "sensitive_attributes": []
        }
      ]
    },
    {
      "mode": "managed",
      "type": "aws_appautoscaling_policy",
      "name": "backend_cpu",
      "provider": "provider[\"registry.terraform.io/hashicorp/aws\"]",
      "instances": [
        {
          "schema_version": 0,
          "attributes": {
            "alarm_arns": [
              "arn:aws:cloudwatch:eu-west-3:557937909547:alarm:TargetTracking-service/plan-charge-prod-cluster/plan-charge-prod-backend-AlarmHigh-fdec31f9-f7d4-40cc-8da0-41072e937083",
              "arn:aws:cloudwatch:eu-west-3:557937909547:alarm:TargetTracking-service/plan-charge-prod-cluster/plan-charge-prod-backend-AlarmLow-d5669ecc-9417-4fac-a3b9-297c6c1372ab"
            ],
            "arn": "arn:aws:autoscaling:eu-west-3:557937909547:scalingPolicy:d3edf0c9-5393-4ce1-9b85-6d15325d94a7:resource/ecs/service/plan-charge-prod-cluster/plan-charge-prod-backend:policyName/plan-charge-prod-backend-cpu-scaling",
            "id": "plan-charge-prod-backend-cpu-scaling",
            "name": "plan-charge-prod-backend-cpu-scaling",
            "policy_type": "TargetTrackingScaling",
            "resource_id": "service/plan-charge-prod-cluster/plan-charge-prod-backend",
            "scalable_dimension": "ecs:service:DesiredCount",
            "service_namespace": "ecs",
            "step_scaling_policy_configuration": [],
            "target_tracking_scaling_policy_configuration": [
              {
                "customized_metric_specification": [],
                "disable_scale_in": false,
                "predefined_metric_specification": [
                  {
                    "predefined_metric_type": "ECSServiceAverageCPUUtilization",
                    "resource_label": ""
                  }
                ],
                "scale_in_cooldown": 0,
                "scale_out_cooldown": 0,
                "target_value": 70
              }
            ]
          },
          "sensitive_attributes": [],
          "private": "bnVsbA==",
          "dependencies": [
            "aws_appautoscaling_target.backend",
            "aws_cloudwatch_log_group.ecs",
            "aws_cloudwatch_log_group.redis_slow",
            "aws_ecs_cluster.main",
            "aws_ecs_service.backend",
            "aws_ecs_task_definition.backend",
            "aws_elasticache_cluster.redis",
            "aws_elasticache_parameter_group.redis",
            "aws_elasticache_subnet_group.redis",
            "aws_iam_role.ecs_execution_role",
            "aws_iam_role.ecs_task_role",
            "aws_lb_listener.http",
            "aws_lb_target_group.backend",
            "aws_security_group.ecs_tasks",
            "aws_security_group.redis",
            "aws_ssm_parameter.azure_client_id",
            "aws_ssm_parameter.azure_client_secret",
            "aws_ssm_parameter.azure_tenant_id",
            "aws_ssm_parameter.celery_broker_url",
            "aws_ssm_parameter.celery_result_backend",
            "aws_ssm_parameter.database_url",
            "aws_ssm_parameter.jwt_secret",
            "aws_ssm_parameter.redis_url",
            "aws_subnet.private"
          ]
        }
      ]
    },
    {
      "mode": "managed",
      "type": "aws_appautoscaling_policy",
      "name": "backend_memory",
      "provider": "provider[\"registry.terraform.io/hashicorp/aws\"]",
      "instances": [
        {
          "schema_version": 0,
          "attributes": {
            "alarm_arns": [
              "arn:aws:cloudwatch:eu-west-3:557937909547:alarm:TargetTracking-service/plan-charge-prod-cluster/plan-charge-prod-backend-AlarmHigh-8d1f1c5a-6014-439d-9453-2ed8e37a3dab",
              "arn:aws:cloudwatch:eu-west-3:557937909547:alarm:TargetTracking-service/plan-charge-prod-cluster/plan-charge-prod-backend-AlarmLow-542b224c-99ec-48b9-8f0d-59b057d81737"
            ],
            "arn": "arn:aws:autoscaling:eu-west-3:557937909547:scalingPolicy:d3edf0c9-5393-4ce1-9b85-6d15325d94a7:resource/ecs/service/plan-charge-prod-cluster/plan-charge-prod-backend:policyName/plan-charge-prod-backend-memory-scaling",
            "id": "plan-charge-prod-backend-memory-scaling",
            "name": "plan-charge-prod-backend-memory-scaling",
            "policy_type": "TargetTrackingScaling",
            "resource_id": "service/plan-charge-prod-cluster/plan-charge-prod-backend",
            "scalable_dimension": "ecs:service:DesiredCount",
            "service_namespace": "ecs",
            "step_scaling_policy_configuration": [],
            "target_tracking_scaling_policy_configuration": [
              {
                "customized_metric_specification": [],
                "disable_scale_in": false,
                "predefined_metric_specification": [
                  {
                    "predefined_metric_type": "ECSServiceAverageMemoryUtilization",
                    "resource_label": ""
                  }
                ],
                "scale_in_cooldown": 0,
                "scale_out_cooldown": 0,
                "target_value": 80
              }
            ]
          },
          "sensitive_attributes": [],
          "private": "bnVsbA==",
          "dependencies": [
            "aws_appautoscaling_target.backend",
            "aws_cloudwatch_log_group.ecs",
            "aws_cloudwatch_log_group.redis_slow",
            "aws_ecs_cluster.main",
            "aws_ecs_service.backend",
            "aws_ecs_task_definition.backend",
            "aws_elasticache_cluster.redis",
            "aws_elasticache_parameter_group.redis",
            "aws_elasticache_subnet_group.redis",
            "aws_iam_role.ecs_execution_role",
            "aws_iam_role.ecs_task_role",
            "aws_lb_listener.http",
            "aws_lb_target_group.backend",
            "aws_security_group.ecs_tasks",
            "aws_security_group.redis",
            "aws_ssm_parameter.azure_client_id",
            "aws_ssm_parameter.azure_client_secret",
            "aws_ssm_parameter.azure_tenant_id",
            "aws_ssm_parameter.celery_broker_url",
            "aws_ssm_parameter.celery_result_backend",
            "aws_ssm_parameter.database_url",
            "aws_ssm_parameter.jwt_secret",
            "aws_ssm_parameter.redis_url",
            "aws_subnet.private"
          ]
        }
      ]
    },
    {
      "mode": "managed",
      "type": "aws_appautoscaling_policy",
      "name": "frontend_cpu",
      "provider": "provider[\"registry.terraform.io/hashicorp/aws\"]",
      "instances": [
        {
          "schema_version": 0,
          "attributes": {
            "alarm_arns": [
              "arn:aws:cloudwatch:eu-west-3:557937909547:alarm:TargetTracking-service/plan-charge-prod-cluster/plan-charge-prod-frontend-AlarmHigh-24c14a2c-2ffb-4952-a9d0-7d7a63bb1e0c",
              "arn:aws:cloudwatch:eu-west-3:557937909547:alarm:TargetTracking-service/plan-charge-prod-cluster/plan-charge-prod-frontend-AlarmLow-3c25a0f2-5248-4c4f-aa5c-d0ffc3a8eaaa"
            ],
            "arn": "arn:aws:autoscaling:eu-west-3:557937909547:scalingPolicy:973fb309-f519-419b-bab0-250894d33978:resource/ecs/service/plan-charge-prod-cluster/plan-charge-prod-frontend:policyName/plan-charge-prod-frontend-cpu-scaling",
            "id": "plan-charge-prod-frontend-cpu-scaling",
            "name": "plan-charge-prod-frontend-cpu-scaling",
            "policy_type": "TargetTrackingScaling",
            "resource_id": "service/plan-charge-prod-cluster/plan-charge-prod-frontend",
            "scalable_dimension": "ecs:service:DesiredCount",
            "service_namespace": "ecs",
            "step_scaling_policy_configuration": [],
            "target_tracking_scaling_policy_configuration": [
              {
                "customized_metric_specification": [],
                "disable_scale_in": false,
                "predefined_metric_specification": [
                  {
                    "predefined_metric_type": "ECSServiceAverageCPUUtilization",
                    "resource_label": ""
                  }
                ],
                "scale_in_cooldown": 0,
                "scale_out_cooldown": 0,
                "target_value": 70
              }
            ]
          },
          "sensitive_attributes": [],
          "private": "bnVsbA==",
          "dependencies": [
            "aws_appautoscaling_target.frontend",
            "aws_cloudwatch_log_group.ecs",
            "aws_ecs_cluster.main",
            "aws_ecs_service.frontend",
            "aws_ecs_task_definition.frontend",
            "aws_iam_role.ecs_execution_role",
            "aws_iam_role.ecs_task_role",
            "aws_lb.main",
            "aws_lb_listener.http",
            "aws_lb_target_group.frontend",
            "aws_s3_bucket.alb_logs",
            "aws_security_group.alb",
            "aws_security_group.ecs_tasks",
            "aws_subnet.private",
            "aws_subnet.public",
            "aws_vpc.main",
            "data.aws_availability_zones.available",
            "random_string.bucket_suffix"
          ]
        }
      ]
    },
    {
      "mode": "managed",
      "type": "aws_appautoscaling_target",
      "name": "backend",
      "provider": "provider[\"registry.terraform.io/hashicorp/aws\"]",
      "instances": [
        {
          "schema_version": 0,
          "attributes": {
            "arn": "arn:aws:application-autoscaling:eu-west-3:557937909547:scalable-target/0ec5d3edf0c953934ce19b856d15325d94a7",
            "id": "service/plan-charge-prod-cluster/plan-charge-prod-backend",
            "max_capacity": 10,
            "min_capacity": 2,
            "resource_id": "service/plan-charge-prod-cluster/plan-charge-prod-backend",
            "role_arn": "arn:aws:iam::557937909547:role/aws-service-role/ecs.application-autoscaling.amazonaws.com/AWSServiceRoleForApplicationAutoScaling_ECSService",
            "scalable_dimension": "ecs:service:DesiredCount",
            "service_namespace": "ecs",
            "suspended_state": [
              {
                "dynamic_scaling_in_suspended": false,
                "dynamic_scaling_out_suspended": false,
                "scheduled_scaling_suspended": false
              }
            ],
            "tags": {
              "Environment": "prod",
              "ManagedBy": "Terraform",
              "Owner": "NDA-Partners",
              "Project": "plan-charge"
            },
            "tags_all": {
              "Environment": "prod",
              "ManagedBy": "Terraform",
              "Owner": "NDA-Partners",
              "Project": "plan-charge"
            }
          },
          "sensitive_attributes": [],
          "private": "bnVsbA==",
          "dependencies": [
            "aws_cloudwatch_log_group.ecs",
            "aws_cloudwatch_log_group.redis_slow",
            "aws_ecs_cluster.main",
            "aws_ecs_service.backend",
            "aws_ecs_task_definition.backend",
            "aws_elasticache_cluster.redis",
            "aws_elasticache_parameter_group.redis",
            "aws_elasticache_subnet_group.redis",
            "aws_iam_role.ecs_execution_role",
            "aws_iam_role.ecs_task_role",
            "aws_lb_listener.http",
            "aws_lb_target_group.backend",
            "aws_security_group.ecs_tasks",
            "aws_security_group.redis",
            "aws_ssm_parameter.azure_client_id",
            "aws_ssm_parameter.azure_client_secret",
            "aws_ssm_parameter.azure_tenant_id",
            "aws_ssm_parameter.celery_broker_url",
            "aws_ssm_parameter.celery_result_backend",
            "aws_ssm_parameter.database_url",
            "aws_ssm_parameter.jwt_secret",
            "aws_ssm_parameter.redis_url",
            "aws_subnet.private"
          ]
        }
      ]
    },
    {
      "mode": "managed",
      "type": "aws_appautoscaling_target",
      "name": "frontend",
      "provider": "provider[\"registry.terraform.io/hashicorp/aws\"]",
      "instances": [
        {
          "schema_version": 0,
          "attributes": {
            "arn": "arn:aws:application-autoscaling:eu-west-3:557937909547:scalable-target/0ec5973fb309f519419bbab0250894d33978",
            "id": "service/plan-charge-prod-cluster/plan-charge-prod-frontend",
            "max_capacity": 6,
            "min_capacity": 2,
            "resource_id": "service/plan-charge-prod-cluster/plan-charge-prod-frontend",
            "role_arn": "arn:aws:iam::557937909547:role/aws-service-role/ecs.application-autoscaling.amazonaws.com/AWSServiceRoleForApplicationAutoScaling_ECSService",
            "scalable_dimension": "ecs:service:DesiredCount",
            "service_namespace": "ecs",
            "suspended_state": [
              {
                "dynamic_scaling_in_suspended": false,
                "dynamic_scaling_out_suspended": false,
                "scheduled_scaling_suspended": false
              }
            ],
            "tags": {
              "Environment": "prod",
              "ManagedBy": "Terraform",
              "Owner": "NDA-Partners",
              "Project": "plan-charge"
            },
            "tags_all": {
              "Environment": "prod",
              "ManagedBy": "Terraform",
              "Owner": "NDA-Partners",
              "Project": "plan-charge"
            }
          },
          "sensitive_attributes": [],
          "private": "bnVsbA==",
          "dependencies": [
            "aws_cloudwatch_log_group.ecs",
            "aws_ecs_cluster.main",
            "aws_ecs_service.frontend",
            "aws_ecs_task_definition.frontend",
            "aws_iam_role.ecs_execution_role",
            "aws_iam_role.ecs_task_role",
            "aws_lb.main",
            "aws_lb_listener.http",
            "aws_lb_target_group.frontend",
            "aws_s3_bucket.alb_logs",
            "aws_security_group.alb",
            "aws_security_group.ecs_tasks",
            "aws_subnet.private",
            "aws_subnet.public",
            "aws_vpc.main",
            "data.aws_availability_zones.available",
            "random_string.bucket_suffix"
          ]
        }
      ]
    },
    {
      "mode": "managed",
      "type": "aws_cloudfront_distribution",
      "name": "main",
      "provider": "provider[\"registry.terraform.io/hashicorp/aws\"]",
      "instances": [
        {
          "schema_version": 1,
          "attributes": {
            "aliases": [
              "plan-de-charge.aws.nda-partners.com"
            ],
            "arn": "arn:aws:cloudfront::557937909547:distribution/E3U93II4ZE9MCI",
            "caller_reference": "terraform-20250815201628976000000002",
            "comment": "Plan de Charge CDN",
            "continuous_deployment_policy_id": "",
            "custom_error_response": [
              {
                "error_caching_min_ttl": 300,
                "error_code": 403,
                "response_code": 200,
                "response_page_path": "/index.html"
              },
              {
                "error_caching_min_ttl": 300,
                "error_code": 404,
                "response_code": 200,
                "response_page_path": "/index.html"
              }
            ],
            "default_cache_behavior": [
              {
                "allowed_methods": [
                  "DELETE",
                  "GET",
                  "HEAD",
                  "OPTIONS",
                  "PATCH",
                  "POST",
                  "PUT"
                ],
                "cache_policy_id": "",
                "cached_methods": [
                  "GET",
                  "HEAD"
                ],
                "compress": true,
                "default_ttl": 86400,
                "field_level_encryption_id": "",
                "forwarded_values": [
                  {
                    "cookies": [
                      {
                        "forward": "none",
                        "whitelisted_names": []
                      }
                    ],
                    "headers": [
                      "Host"
                    ],
                    "query_string": false,
                    "query_string_cache_keys": []
                  }
                ],
                "function_association": [],
                "grpc_config": [
                  {
                    "enabled": false
                  }
                ],
                "lambda_function_association": [],
                "max_ttl": 31536000,
                "min_ttl": 0,
                "origin_request_policy_id": "",
                "realtime_log_config_arn": "",
                "response_headers_policy_id": "",
                "smooth_streaming": false,
                "target_origin_id": "alb-origin",
                "trusted_key_groups": [],
                "trusted_signers": [],
                "viewer_protocol_policy": "redirect-to-https"
              }
            ],
            "default_root_object": "index.html",
            "domain_name": "dis3qbt9ad714.cloudfront.net",
            "enabled": true,
            "etag": "E2ROCUXZW8VD76",
            "hosted_zone_id": "Z2FDTNDATAQYW2",
            "http_version": "http2",
            "id": "E3U93II4ZE9MCI",
            "in_progress_validation_batches": 0,
            "is_ipv6_enabled": true,
            "last_modified_time": "2025-08-15 20:16:29.654 +0000 UTC",
            "logging_config": [],
            "ordered_cache_behavior": [
              {
                "allowed_methods": [
                  "DELETE",
                  "GET",
                  "HEAD",
                  "OPTIONS",
                  "PATCH",
                  "POST",
                  "PUT"
                ],
                "cache_policy_id": "",
                "cached_methods": [
                  "GET",
                  "HEAD",
                  "OPTIONS"
                ],
                "compress": true,
                "default_ttl": 0,
                "field_level_encryption_id": "",
                "forwarded_values": [
                  {
                    "cookies": [
                      {
                        "forward": "all",
                        "whitelisted_names": []
                      }
                    ],
                    "headers": [
                      "Accept",
                      "Authorization",
                      "Content-Type",
                      "Origin",
                      "Referer",
                      "User-Agent"
                    ],
                    "query_string": true,
                    "query_string_cache_keys": []
                  }
                ],
                "function_association": [],
                "grpc_config": [
                  {
                    "enabled": false
                  }
                ],
                "lambda_function_association": [],
                "max_ttl": 0,
                "min_ttl": 0,
                "origin_request_policy_id": "",
                "path_pattern": "/api/*",
                "realtime_log_config_arn": "",
                "response_headers_policy_id": "",
                "smooth_streaming": false,
                "target_origin_id": "alb-origin",
                "trusted_key_groups": [],
                "trusted_signers": [],
                "viewer_protocol_policy": "https-only"
              },
              {
                "allowed_methods": [
                  "GET",
                  "HEAD",
                  "OPTIONS"
                ],
                "cache_policy_id": "",
                "cached_methods": [
                  "GET",
                  "HEAD"
                ],
                "compress": true,
                "default_ttl": 3600,
                "field_level_encryption_id": "",
                "forwarded_values": [
                  {
                    "cookies": [
                      {
                        "forward": "none",
                        "whitelisted_names": []
                      }
                    ],
                    "headers": [
                      "Host"
                    ],
                    "query_string": false,
                    "query_string_cache_keys": []
                  }
                ],
                "function_association": [],
                "grpc_config": [
                  {
                    "enabled": false
                  }
                ],
                "lambda_function_association": [],
                "max_ttl": 86400,
                "min_ttl": 0,
                "origin_request_policy_id": "",
                "path_pattern": "/docs*",
                "realtime_log_config_arn": "",
                "response_headers_policy_id": "",
                "smooth_streaming": false,
                "target_origin_id": "alb-origin",
                "trusted_key_groups": [],
                "trusted_signers": [],
                "viewer_protocol_policy": "https-only"
              },
              {
                "allowed_methods": [
                  "GET",
                  "HEAD"
                ],
                "cache_policy_id": "",
                "cached_methods": [
                  "GET",
                  "HEAD"
                ],
                "compress": true,
                "default_ttl": 2592000,
                "field_level_encryption_id": "",
                "forwarded_values": [
                  {
                    "cookies": [
                      {
                        "forward": "none",
                        "whitelisted_names": []
                      }
                    ],
                    "headers": [],
                    "query_string": false,
                    "query_string_cache_keys": []
                  }
                ],
                "function_association": [],
                "grpc_config": [
                  {
                    "enabled": false
                  }
                ],
                "lambda_function_association": [],
                "max_ttl": 31536000,
                "min_ttl": 86400,
                "origin_request_policy_id": "",
                "path_pattern": "/assets/*",
                "realtime_log_config_arn": "",
                "response_headers_policy_id": "",
                "smooth_streaming": false,
                "target_origin_id": "alb-origin",
                "trusted_key_groups": [],
                "trusted_signers": [],
                "viewer_protocol_policy": "https-only"
              }
            ],
            "origin": [
              {
                "connection_attempts": 3,
                "connection_timeout": 10,
                "custom_header": [
                  {
                    "name": "X-Forwarded-Proto",
                    "value": "https"
                  }
                ],
                "custom_origin_config": [
                  {
                    "http_port": 80,
                    "https_port": 443,
                    "origin_keepalive_timeout": 5,
                    "origin_protocol_policy": "http-only",
                    "origin_read_timeout": 30,
                    "origin_ssl_protocols": [
                      "TLSv1.2"
                    ]
                  }
                ],
                "domain_name": "plan-charge-prod-alb-2004483215.eu-west-3.elb.amazonaws.com",
                "origin_access_control_id": "",
                "origin_id": "alb-origin",
                "origin_path": "",
                "origin_shield": [],
                "s3_origin_config": [],
                "vpc_origin_config": []
              }
            ],
            "origin_group": [],
            "price_class": "PriceClass_100",
            "restrictions": [
              {
                "geo_restriction": [
                  {
                    "locations": [],
                    "restriction_type": "none"
                  }
                ]
              }
            ],
            "retain_on_delete": false,
            "staging": false,
            "status": "Deployed",
            "tags": {
              "Environment": "prod",
              "ManagedBy": "Terraform",
              "Name": "plan-charge-prod-cloudfront",
              "Owner": "NDA-Partners",
              "Project": "plan-charge"
            },
            "tags_all": {
              "Environment": "prod",
              "ManagedBy": "Terraform",
              "Name": "plan-charge-prod-cloudfront",
              "Owner": "NDA-Partners",
              "Project": "plan-charge"
            },
            "trusted_key_groups": [
              {
                "enabled": false,
                "items": []
              }
            ],
            "trusted_signers": [
              {
                "enabled": false,
                "items": []
              }
            ],
            "viewer_certificate": [
              {
                "acm_certificate_arn": "arn:aws:acm:us-east-1:557937909547:certificate/b7c63b81-f120-4348-871e-608bbc29724f",
                "cloudfront_default_certificate": false,
                "iam_certificate_id": "",
                "minimum_protocol_version": "TLSv1.2_2021",
                "ssl_support_method": "sni-only"
              }
            ],
            "wait_for_deployment": true,
            "web_acl_id": ""
          },
          "sensitive_attributes": [],
          "private": "eyJzY2hlbWFfdmVyc2lvbiI6IjEifQ==",
          "dependencies": [
            "aws_lb.main",
            "aws_s3_bucket.alb_logs",
            "aws_security_group.alb",
            "aws_subnet.public",
            "aws_vpc.main",
            "data.aws_availability_zones.available",
            "random_string.bucket_suffix"
          ]
        }
      ]
    },
    {
      "mode": "managed",
      "type": "aws_cloudwatch_log_group",
      "name": "ecs",
      "provider": "provider[\"registry.terraform.io/hashicorp/aws\"]",
      "instances": [
        {
          "schema_version": 0,
          "attributes": {
            "arn": "arn:aws:logs:eu-west-3:557937909547:log-group:/ecs/plan-charge-prod",
            "id": "/ecs/plan-charge-prod",
            "kms_key_id": "",
            "log_group_class": "STANDARD",
            "name": "/ecs/plan-charge-prod",
            "name_prefix": "",
            "retention_in_days": 7,
            "skip_destroy": false,
            "tags": {
              "Environment": "prod",
              "ManagedBy": "Terraform",
              "Owner": "NDA-Partners",
              "Project": "plan-charge"
            },
            "tags_all": {
              "Environment": "prod",
              "ManagedBy": "Terraform",
              "Owner": "NDA-Partners",
              "Project": "plan-charge"
            }
          },
          "sensitive_attributes": [],
          "private": "bnVsbA=="
        }
      ]
    },
    {
      "mode": "managed",
      "type": "aws_cloudwatch_log_group",
      "name": "redis_slow",
      "provider": "provider[\"registry.terraform.io/hashicorp/aws\"]",
      "instances": [
        {
          "schema_version": 0,
          "attributes": {
            "arn": "arn:aws:logs:eu-west-3:557937909547:log-group:/aws/elasticache/redis/plan-charge-prod",
            "id": "/aws/elasticache/redis/plan-charge-prod",
            "kms_key_id": "",
            "log_group_class": "STANDARD",
            "name": "/aws/elasticache/redis/plan-charge-prod",
            "name_prefix": "",
            "retention_in_days": 7,
            "skip_destroy": false,
            "tags": {
              "Environment": "prod",
              "ManagedBy": "Terraform",
              "Owner": "NDA-Partners",
              "Project": "plan-charge"
            },
            "tags_all": {
              "Environment": "prod",
              "ManagedBy": "Terraform",
              "Owner": "NDA-Partners",
              "Project": "plan-charge"
            }
          },
          "sensitive_attributes": [],
          "private": "bnVsbA=="
        }
      ]
    },
    {
      "mode": "managed",
      "type": "aws_db_instance",
      "name": "main",
      "provider": "provider[\"registry.terraform.io/hashicorp/aws\"]",
      "instances": [
        {
          "schema_version": 2,
          "attributes": {
            "address": "plan-charge-prod-db.cm296zxv9y8r.eu-west-3.rds.amazonaws.com",
            "allocated_storage": 20,
            "allow_major_version_upgrade": null,
            "apply_immediately": false,
            "arn": "arn:aws:rds:eu-west-3:557937909547:db:plan-charge-prod-db",
            "auto_minor_version_upgrade": true,
            "availability_zone": "eu-west-3b",
            "backup_retention_period": 7,
            "backup_target": "region",
            "backup_window": "03:00-04:00",
            "blue_green_update": [],
            "ca_cert_identifier": "rds-ca-rsa2048-g1",
            "character_set_name": "",
            "copy_tags_to_snapshot": false,
            "custom_iam_instance_profile": "",
            "customer_owned_ip_enabled": false,
            "database_insights_mode": "standard",
            "db_name": "plancharge",
            "db_subnet_group_name": "plan-charge-prod-db-subnet-group",
            "dedicated_log_volume": false,
            "delete_automated_backups": true,
            "deletion_protection": true,
            "domain": "",
            "domain_auth_secret_arn": "",
            "domain_dns_ips": [],
            "domain_fqdn": "",
            "domain_iam_role_name": "",
            "domain_ou": "",
            "enabled_cloudwatch_logs_exports": [],
            "endpoint": "plan-charge-prod-db.cm296zxv9y8r.eu-west-3.rds.amazonaws.com:5432",
            "engine": "postgres",
            "engine_lifecycle_support": "open-source-rds-extended-support",
            "engine_version": "14.12",
            "engine_version_actual": "14.12",
            "final_snapshot_identifier": "plan-charge-prod-final-snapshot-2025-08-15-2031",
            "hosted_zone_id": "ZMESEXB7ZGGQ3",
            "iam_database_authentication_enabled": false,
            "id": "db-LHBWCWNSLCSQW3UJH2XI2PPMUA",
            "identifier": "plan-charge-prod-db",
            "identifier_prefix": "",
            "instance_class": "db.t3.micro",
            "iops": 3000,
            "kms_key_id": "arn:aws:kms:eu-west-3:557937909547:key/9af9acf9-314d-4966-9d79-5c8a9e12e44b",
            "latest_restorable_time": "2025-08-15T20:39:03Z",
            "license_model": "postgresql-license",
            "listener_endpoint": [],
            "maintenance_window": "sun:04:00-sun:05:00",
            "manage_master_user_password": null,
            "master_user_secret": [],
            "master_user_secret_kms_key_id": null,
            "max_allocated_storage": 40,
            "monitoring_interval": 60,
            "monitoring_role_arn": "arn:aws:iam::557937909547:role/plan-charge-prod-rds-monitoring-role",
            "multi_az": false,
            "nchar_character_set_name": "",
            "network_type": "IPV4",
            "option_group_name": "default:postgres-14",
            "parameter_group_name": "plan-charge-prod-db-params",
            "password": "4Se\u003cvRRq5KF9r)ms",
            "password_wo": null,
            "password_wo_version": null,
            "performance_insights_enabled": false,
            "performance_insights_kms_key_id": "",
            "performance_insights_retention_period": 0,
            "port": 5432,
            "publicly_accessible": false,
            "replica_mode": "",
            "replicas": [],
            "replicate_source_db": "",
            "resource_id": "db-LHBWCWNSLCSQW3UJH2XI2PPMUA",
            "restore_to_point_in_time": [],
            "s3_import": [],
            "skip_final_snapshot": false,
            "snapshot_identifier": null,
            "status": "available",
            "storage_encrypted": true,
            "storage_throughput": 125,
            "storage_type": "gp3",
            "tags": {
              "Environment": "prod",
              "ManagedBy": "Terraform",
              "Name": "plan-charge-prod-database",
              "Owner": "NDA-Partners",
              "Project": "plan-charge"
            },
            "tags_all": {
              "Environment": "prod",
              "ManagedBy": "Terraform",
              "Name": "plan-charge-prod-database",
              "Owner": "NDA-Partners",
              "Project": "plan-charge"
            },
            "timeouts": null,
            "timezone": "",
            "upgrade_storage_config": null,
            "username": "plancharge",
            "vpc_security_group_ids": [
              "sg-0328e94304e553c61"
            ]
          },
          "sensitive_attributes": [
            [
              {
                "type": "get_attr",
                "value": "password"
              }
            ]
          ],
          "private": "eyJlMmJmYjczMC1lY2FhLTExZTYtOGY4OC0zNDM2M2JjN2M0YzAiOnsiY3JlYXRlIjozMDAwMDAwMDAwMDAwLCJkZWxldGUiOjM2MDAwMDAwMDAwMDAsInVwZGF0ZSI6NDgwMDAwMDAwMDAwMH0sInNjaGVtYV92ZXJzaW9uIjoiMiJ9",
          "dependencies": [
            "aws_db_parameter_group.main",
            "aws_db_subnet_group.main",
            "aws_iam_role.rds_monitoring",
            "aws_security_group.alb",
            "aws_security_group.ecs_tasks",
            "aws_security_group.rds",
            "aws_subnet.private",
            "aws_vpc.main",
            "data.aws_availability_zones.available",
            "random_password.db_password"
          ]
        }
      ]
    },
    {
      "mode": "managed",
      "type": "aws_db_parameter_group",
      "name": "main",
      "provider": "provider[\"registry.terraform.io/hashicorp/aws\"]",
      "instances": [
        {
          "schema_version": 0,
          "attributes": {
            "arn": "arn:aws:rds:eu-west-3:557937909547:pg:plan-charge-prod-db-params",
            "description": "Managed by Terraform",
            "family": "postgres14",
            "id": "plan-charge-prod-db-params",
            "name": "plan-charge-prod-db-params",
            "name_prefix": "",
            "parameter": [
              {
                "apply_method": "immediate",
                "name": "log_min_duration_statement",
                "value": "1000"
              },
              {
                "apply_method": "immediate",
                "name": "log_statement",
                "value": "all"
              },
              {
                "apply_method": "pending-reboot",
                "name": "shared_preload_libraries",
                "value": "pg_stat_statements"
              }
            ],
            "skip_destroy": false,
            "tags": {
              "Environment": "prod",
              "ManagedBy": "Terraform",
              "Owner": "NDA-Partners",
              "Project": "plan-charge"
            },
            "tags_all": {
              "Environment": "prod",
              "ManagedBy": "Terraform",
              "Owner": "NDA-Partners",
              "Project": "plan-charge"
            }
          },
          "sensitive_attributes": [],
          "private": "bnVsbA=="
        }
      ]
    },
    {
      "mode": "managed",
      "type": "aws_db_subnet_group",
      "name": "main",
      "provider": "provider[\"registry.terraform.io/hashicorp/aws\"]",
      "instances": [
        {
          "schema_version": 0,
          "attributes": {
            "arn": "arn:aws:rds:eu-west-3:557937909547:subgrp:plan-charge-prod-db-subnet-group",
            "description": "Managed by Terraform",
            "id": "plan-charge-prod-db-subnet-group",
            "name": "plan-charge-prod-db-subnet-group",
            "name_prefix": "",
            "subnet_ids": [
              "subnet-04e83c8c930637597",
              "subnet-075ba669585873bb8"
            ],
            "supported_network_types": [
              "IPV4"
            ],
            "tags": {
              "Environment": "prod",
              "ManagedBy": "Terraform",
              "Name": "plan-charge-prod-db-subnet-group",
              "Owner": "NDA-Partners",
              "Project": "plan-charge"
            },
            "tags_all": {
              "Environment": "prod",
              "ManagedBy": "Terraform",
              "Name": "plan-charge-prod-db-subnet-group",
              "Owner": "NDA-Partners",
              "Project": "plan-charge"
            },
            "vpc_id": "vpc-085d1508f580455ed"
          },
          "sensitive_attributes": [],
          "private": "bnVsbA==",
          "dependencies": [
            "aws_subnet.private",
            "aws_vpc.main",
            "data.aws_availability_zones.available"
          ]
        }
      ]
    },
    {
      "mode": "managed",
      "type": "aws_ecs_cluster",
      "name": "main",
      "provider": "provider[\"registry.terraform.io/hashicorp/aws\"]",
      "instances": [
        {
          "schema_version": 0,
          "attributes": {
            "arn": "arn:aws:ecs:eu-west-3:557937909547:cluster/plan-charge-prod-cluster",
            "configuration": [
              {
                "execute_command_configuration": [
                  {
                    "kms_key_id": "",
                    "log_configuration": [
                      {
                        "cloud_watch_encryption_enabled": false,
                        "cloud_watch_log_group_name": "/ecs/plan-charge-prod",
                        "s3_bucket_encryption_enabled": false,
                        "s3_bucket_name": "",
                        "s3_key_prefix": ""
                      }
                    ],
                    "logging": "OVERRIDE"
                  }
                ],
                "managed_storage_configuration": []
              }
            ],
            "id": "arn:aws:ecs:eu-west-3:557937909547:cluster/plan-charge-prod-cluster",
            "name": "plan-charge-prod-cluster",
            "service_connect_defaults": [],
            "setting": [
              {
                "name": "containerInsights",
                "value": "disabled"
              }
            ],
            "tags": {
              "Environment": "prod",
              "ManagedBy": "Terraform",
              "Owner": "NDA-Partners",
              "Project": "plan-charge"
            },
            "tags_all": {
              "Environment": "prod",
              "ManagedBy": "Terraform",
              "Owner": "NDA-Partners",
              "Project": "plan-charge"
            }
          },
          "sensitive_attributes": [],
          "private": "bnVsbA==",
          "dependencies": [
            "aws_cloudwatch_log_group.ecs"
          ]
        }
      ]
    },
    {
      "mode": "managed",
      "type": "aws_ecs_service",
      "name": "backend",
      "provider": "provider[\"registry.terraform.io/hashicorp/aws\"]",
      "instances": [
        {
          "schema_version": 1,
          "attributes": {
            "alarms": [],
            "availability_zone_rebalancing": "DISABLED",
            "capacity_provider_strategy": [],
            "cluster": "arn:aws:ecs:eu-west-3:557937909547:cluster/plan-charge-prod-cluster",
            "deployment_circuit_breaker": [
              {
                "enable": false,
                "rollback": false
              }
            ],
            "deployment_controller": [
              {
                "type": "ECS"
              }
            ],
            "deployment_maximum_percent": 200,
            "deployment_minimum_healthy_percent": 100,
            "desired_count": 2,
            "enable_ecs_managed_tags": false,
            "enable_execute_command": true,
            "force_delete": null,
            "force_new_deployment": null,
            "health_check_grace_period_seconds": 0,
            "iam_role": "/aws-service-role/ecs.amazonaws.com/AWSServiceRoleForECS",
            "id": "arn:aws:ecs:eu-west-3:557937909547:service/plan-charge-prod-cluster/plan-charge-prod-backend",
            "launch_type": "FARGATE",
            "load_balancer": [
              {
                "container_name": "backend",
                "container_port": 8000,
                "elb_name": "",
                "target_group_arn": "arn:aws:elasticloadbalancing:eu-west-3:557937909547:targetgroup/plan-charge-prod-backend-tg/4ceb3ca347763b24"
              }
            ],
            "name": "plan-charge-prod-backend",
            "network_configuration": [
              {
                "assign_public_ip": false,
                "security_groups": [
                  "sg-0a6cd0e7920726c46"
                ],
                "subnets": [
                  "subnet-04e83c8c930637597",
                  "subnet-075ba669585873bb8"
                ]
              }
            ],
            "ordered_placement_strategy": [],
            "placement_constraints": [],
            "platform_version": "LATEST",
            "propagate_tags": "NONE",
            "scheduling_strategy": "REPLICA",
            "service_connect_configuration": [],
            "service_registries": [],
            "tags": {
              "Environment": "prod",
              "ManagedBy": "Terraform",
              "Name": "plan-charge-prod-backend-service",
              "Owner": "NDA-Partners",
              "Project": "plan-charge"
            },
            "tags_all": {
              "Environment": "prod",
              "ManagedBy": "Terraform",
              "Name": "plan-charge-prod-backend-service",
              "Owner": "NDA-Partners",
              "Project": "plan-charge"
            },
            "task_definition": "arn:aws:ecs:eu-west-3:557937909547:task-definition/plan-charge-prod-backend:1",
            "timeouts": null,
            "triggers": {},
            "volume_configuration": [],
            "vpc_lattice_configurations": [],
            "wait_for_steady_state": false
          },
          "sensitive_attributes": [],
          "private": "eyJlMmJmYjczMC1lY2FhLTExZTYtOGY4OC0zNDM2M2JjN2M0YzAiOnsiY3JlYXRlIjoxMjAwMDAwMDAwMDAwLCJkZWxldGUiOjEyMDAwMDAwMDAwMDAsInVwZGF0ZSI6MTIwMDAwMDAwMDAwMH0sInNjaGVtYV92ZXJzaW9uIjoiMSJ9",
          "dependencies": [
            "aws_cloudwatch_log_group.ecs",
            "aws_cloudwatch_log_group.redis_slow",
            "aws_ecs_cluster.main",
            "aws_ecs_task_definition.backend",
            "aws_elasticache_cluster.redis",
            "aws_elasticache_parameter_group.redis",
            "aws_elasticache_subnet_group.redis",
            "aws_iam_role.ecs_execution_role",
            "aws_iam_role.ecs_task_role",
            "aws_lb_listener.http",
            "aws_lb_target_group.backend",
            "aws_security_group.ecs_tasks",
            "aws_security_group.redis",
            "aws_ssm_parameter.azure_client_id",
            "aws_ssm_parameter.azure_client_secret",
            "aws_ssm_parameter.azure_tenant_id",
            "aws_ssm_parameter.celery_broker_url",
            "aws_ssm_parameter.celery_result_backend",
            "aws_ssm_parameter.database_url",
            "aws_ssm_parameter.jwt_secret",
            "aws_ssm_parameter.redis_url",
            "aws_subnet.private"
          ]
        }
      ]
    },
    {
      "mode": "managed",
      "type": "aws_ecs_service",
      "name": "celery",
      "provider": "provider[\"registry.terraform.io/hashicorp/aws\"]",
      "instances": [
        {
          "schema_version": 1,
          "attributes": {
            "alarms": [],
            "availability_zone_rebalancing": "DISABLED",
            "capacity_provider_strategy": [],
            "cluster": "arn:aws:ecs:eu-west-3:557937909547:cluster/plan-charge-prod-cluster",
            "deployment_circuit_breaker": [
              {
                "enable": false,
                "rollback": false
              }
            ],
            "deployment_controller": [
              {
                "type": "ECS"
              }
            ],
            "deployment_maximum_percent": 200,
            "deployment_minimum_healthy_percent": 100,
            "desired_count": 1,
            "enable_ecs_managed_tags": false,
            "enable_execute_command": true,
            "force_delete": null,
            "force_new_deployment": null,
            "health_check_grace_period_seconds": 0,
            "iam_role": "/aws-service-role/ecs.amazonaws.com/AWSServiceRoleForECS",
            "id": "arn:aws:ecs:eu-west-3:557937909547:service/plan-charge-prod-cluster/plan-charge-prod-celery",
            "launch_type": "FARGATE",
            "load_balancer": [],
            "name": "plan-charge-prod-celery",
            "network_configuration": [
              {
                "assign_public_ip": false,
                "security_groups": [
                  "sg-0a6cd0e7920726c46"
                ],
                "subnets": [
                  "subnet-04e83c8c930637597",
                  "subnet-075ba669585873bb8"
                ]
              }
            ],
            "ordered_placement_strategy": [],
            "placement_constraints": [],
            "platform_version": "LATEST",
            "propagate_tags": "NONE",
            "scheduling_strategy": "REPLICA",
            "service_connect_configuration": [],
            "service_registries": [],
            "tags": {
              "Environment": "prod",
              "ManagedBy": "Terraform",
              "Name": "plan-charge-prod-celery-service",
              "Owner": "NDA-Partners",
              "Project": "plan-charge"
            },
            "tags_all": {
              "Environment": "prod",
              "ManagedBy": "Terraform",
              "Name": "plan-charge-prod-celery-service",
              "Owner": "NDA-Partners",
              "Project": "plan-charge"
            },
            "task_definition": "arn:aws:ecs:eu-west-3:557937909547:task-definition/plan-charge-prod-celery:1",
            "timeouts": null,
            "triggers": {},
            "volume_configuration": [],
            "vpc_lattice_configurations": [],
            "wait_for_steady_state": false
          },
          "sensitive_attributes": [],
          "private": "eyJlMmJmYjczMC1lY2FhLTExZTYtOGY4OC0zNDM2M2JjN2M0YzAiOnsiY3JlYXRlIjoxMjAwMDAwMDAwMDAwLCJkZWxldGUiOjEyMDAwMDAwMDAwMDAsInVwZGF0ZSI6MTIwMDAwMDAwMDAwMH0sInNjaGVtYV92ZXJzaW9uIjoiMSJ9",
          "dependencies": [
            "aws_cloudwatch_log_group.ecs",
            "aws_cloudwatch_log_group.redis_slow",
            "aws_ecs_cluster.main",
            "aws_ecs_task_definition.celery",
            "aws_elasticache_cluster.redis",
            "aws_elasticache_parameter_group.redis",
            "aws_elasticache_subnet_group.redis",
            "aws_iam_role.ecs_execution_role",
            "aws_iam_role.ecs_task_role",
            "aws_security_group.ecs_tasks",
            "aws_security_group.redis",
            "aws_ssm_parameter.celery_broker_url",
            "aws_ssm_parameter.celery_result_backend",
            "aws_ssm_parameter.database_url",
            "aws_ssm_parameter.redis_url",
            "aws_subnet.private"
          ]
        }
      ]
    },
    {
      "mode": "managed",
      "type": "aws_ecs_service",
      "name": "frontend",
      "provider": "provider[\"registry.terraform.io/hashicorp/aws\"]",
      "instances": [
        {
          "schema_version": 1,
          "attributes": {
            "alarms": [],
            "availability_zone_rebalancing": "DISABLED",
            "capacity_provider_strategy": [],
            "cluster": "arn:aws:ecs:eu-west-3:557937909547:cluster/plan-charge-prod-cluster",
            "deployment_circuit_breaker": [
              {
                "enable": false,
                "rollback": false
              }
            ],
            "deployment_controller": [
              {
                "type": "ECS"
              }
            ],
            "deployment_maximum_percent": 200,
            "deployment_minimum_healthy_percent": 100,
            "desired_count": 2,
            "enable_ecs_managed_tags": false,
            "enable_execute_command": true,
            "force_delete": null,
            "force_new_deployment": null,
            "health_check_grace_period_seconds": 0,
            "iam_role": "/aws-service-role/ecs.amazonaws.com/AWSServiceRoleForECS",
            "id": "arn:aws:ecs:eu-west-3:557937909547:service/plan-charge-prod-cluster/plan-charge-prod-frontend",
            "launch_type": "FARGATE",
            "load_balancer": [
              {
                "container_name": "frontend",
                "container_port": 80,
                "elb_name": "",
                "target_group_arn": "arn:aws:elasticloadbalancing:eu-west-3:557937909547:targetgroup/plan-charge-prod-frontend-tg/12270fa6da916511"
              }
            ],
            "name": "plan-charge-prod-frontend",
            "network_configuration": [
              {
                "assign_public_ip": false,
                "security_groups": [
                  "sg-0a6cd0e7920726c46"
                ],
                "subnets": [
                  "subnet-04e83c8c930637597",
                  "subnet-075ba669585873bb8"
                ]
              }
            ],
            "ordered_placement_strategy": [],
            "placement_constraints": [],
            "platform_version": "LATEST",
            "propagate_tags": "NONE",
            "scheduling_strategy": "REPLICA",
            "service_connect_configuration": [],
            "service_registries": [],
            "tags": {
              "Environment": "prod",
              "ManagedBy": "Terraform",
              "Name": "plan-charge-prod-frontend-service",
              "Owner": "NDA-Partners",
              "Project": "plan-charge"
            },
            "tags_all": {
              "Environment": "prod",
              "ManagedBy": "Terraform",
              "Name": "plan-charge-prod-frontend-service",
              "Owner": "NDA-Partners",
              "Project": "plan-charge"
            },
            "task_definition": "arn:aws:ecs:eu-west-3:557937909547:task-definition/plan-charge-prod-frontend:1",
            "timeouts": null,
            "triggers": {},
            "volume_configuration": [],
            "vpc_lattice_configurations": [],
            "wait_for_steady_state": false
          },
          "sensitive_attributes": [],
          "private": "eyJlMmJmYjczMC1lY2FhLTExZTYtOGY4OC0zNDM2M2JjN2M0YzAiOnsiY3JlYXRlIjoxMjAwMDAwMDAwMDAwLCJkZWxldGUiOjEyMDAwMDAwMDAwMDAsInVwZGF0ZSI6MTIwMDAwMDAwMDAwMH0sInNjaGVtYV92ZXJzaW9uIjoiMSJ9",
          "dependencies": [
            "aws_cloudwatch_log_group.ecs",
            "aws_ecs_cluster.main",
            "aws_ecs_task_definition.frontend",
            "aws_iam_role.ecs_execution_role",
            "aws_iam_role.ecs_task_role",
            "aws_lb.main",
            "aws_lb_listener.http",
            "aws_lb_target_group.frontend",
            "aws_s3_bucket.alb_logs",
            "aws_security_group.alb",
            "aws_security_group.ecs_tasks",
            "aws_subnet.private",
            "aws_subnet.public",
            "aws_vpc.main",
            "data.aws_availability_zones.available",
            "random_string.bucket_suffix"
          ]
        }
      ]
    },
    {
      "mode": "managed",
      "type": "aws_ecs_task_definition",
      "name": "backend",
      "provider": "provider[\"registry.terraform.io/hashicorp/aws\"]",
      "instances": [
        {
          "schema_version": 1,
          "attributes": {
            "arn": "arn:aws:ecs:eu-west-3:557937909547:task-definition/plan-charge-prod-backend:1",
            "arn_without_revision": "arn:aws:ecs:eu-west-3:557937909547:task-definition/plan-charge-prod-backend",
            "container_definitions": "[{\"environment\":[{\"name\":\"AWS_DEFAULT_REGION\",\"value\":\"eu-west-3\"},{\"name\":\"CORS_ORIGINS\",\"value\":\"https://plan-de-charge.aws.nda-partners.com\"},{\"name\":\"ENVIRONMENT\",\"value\":\"prod\"}],\"essential\":true,\"healthCheck\":{\"command\":[\"CMD-SHELL\",\"curl -f http://localhost:8000/health || exit 1\"],\"interval\":30,\"retries\":3,\"startPeriod\":60,\"timeout\":5},\"image\":\"557937909547.dkr.ecr.eu-west-3.amazonaws.com/plan-charge-backend:latest\",\"logConfiguration\":{\"logDriver\":\"awslogs\",\"options\":{\"awslogs-group\":\"/ecs/plan-charge-prod\",\"awslogs-region\":\"eu-west-3\",\"awslogs-stream-prefix\":\"backend\"}},\"mountPoints\":[],\"name\":\"backend\",\"portMappings\":[{\"containerPort\":8000,\"hostPort\":8000,\"protocol\":\"tcp\"}],\"secrets\":[{\"name\":\"AZURE_AD_CLIENT_ID\",\"valueFrom\":\"arn:aws:ssm:eu-west-3:557937909547:parameter/plan-charge/prod/azure-client-id\"},{\"name\":\"AZURE_AD_CLIENT_SECRET\",\"valueFrom\":\"arn:aws:ssm:eu-west-3:557937909547:parameter/plan-charge/prod/azure-client-secret\"},{\"name\":\"AZURE_AD_TENANT_ID\",\"valueFrom\":\"arn:aws:ssm:eu-west-3:557937909547:parameter/plan-charge/prod/azure-tenant-id\"},{\"name\":\"CELERY_BROKER_URL\",\"valueFrom\":\"arn:aws:ssm:eu-west-3:557937909547:parameter/plan-charge/prod/celery-broker-url\"},{\"name\":\"CELERY_RESULT_BACKEND\",\"valueFrom\":\"arn:aws:ssm:eu-west-3:557937909547:parameter/plan-charge/prod/celery-result-backend\"},{\"name\":\"DATABASE_URL\",\"valueFrom\":\"arn:aws:ssm:eu-west-3:557937909547:parameter/plan-charge/prod/database-url\"},{\"name\":\"JWT_SECRET_KEY\",\"valueFrom\":\"arn:aws:ssm:eu-west-3:557937909547:parameter/plan-charge/prod/jwt-secret\"},{\"name\":\"REDIS_URL\",\"valueFrom\":\"arn:aws:ssm:eu-west-3:557937909547:parameter/plan-charge/prod/redis-url\"}],\"systemControls\":[],\"volumesFrom\":[]}]",
            "cpu": "512",
            "enable_fault_injection": false,
            "ephemeral_storage": [],
            "execution_role_arn": "arn:aws:iam::557937909547:role/plan-charge-prod-ecs-execution-role",
            "family": "plan-charge-prod-backend",
            "id": "plan-charge-prod-backend",
            "inference_accelerator": [],
            "ipc_mode": "",
            "memory": "1024",
            "network_mode": "awsvpc",
            "pid_mode": "",
            "placement_constraints": [],
            "proxy_configuration": [],
            "requires_compatibilities": [
              "FARGATE"
            ],
            "revision": 1,
            "runtime_platform": [],
            "skip_destroy": false,
            "tags": {
              "Environment": "prod",
              "ManagedBy": "Terraform",
              "Owner": "NDA-Partners",
              "Project": "plan-charge"
            },
            "tags_all": {
              "Environment": "prod",
              "ManagedBy": "Terraform",
              "Owner": "NDA-Partners",
              "Project": "plan-charge"
            },
            "task_role_arn": "arn:aws:iam::557937909547:role/plan-charge-prod-ecs-task-role",
            "track_latest": false,
            "volume": []
          },
          "sensitive_attributes": [],
          "private": "eyJzY2hlbWFfdmVyc2lvbiI6IjEifQ==",
          "dependencies": [
            "aws_cloudwatch_log_group.ecs",
            "aws_cloudwatch_log_group.redis_slow",
            "aws_db_instance.main",
            "aws_db_parameter_group.main",
            "aws_db_subnet_group.main",
            "aws_elasticache_cluster.redis",
            "aws_elasticache_parameter_group.redis",
            "aws_elasticache_subnet_group.redis",
            "aws_iam_role.ecs_execution_role",
            "aws_iam_role.ecs_task_role",
            "aws_iam_role.rds_monitoring",
            "aws_security_group.alb",
            "aws_security_group.ecs_tasks",
            "aws_security_group.rds",
            "aws_security_group.redis",
            "aws_ssm_parameter.azure_client_id",
            "aws_ssm_parameter.azure_client_secret",
            "aws_ssm_parameter.azure_tenant_id",
            "aws_ssm_parameter.celery_broker_url",
            "aws_ssm_parameter.celery_result_backend",
            "aws_ssm_parameter.database_url",
            "aws_ssm_parameter.jwt_secret",
            "aws_ssm_parameter.redis_url",
            "aws_subnet.private",
            "aws_vpc.main",
            "data.aws_availability_zones.available",
            "random_password.db_password",
            "random_password.jwt_secret"
          ]
        }
      ]
    },
    {
      "mode": "managed",
      "type": "aws_ecs_task_definition",
      "name": "celery",
      "provider": "provider[\"registry.terraform.io/hashicorp/aws\"]",
      "instances": [
        {
          "schema_version": 1,
          "attributes": {
            "arn": "arn:aws:ecs:eu-west-3:557937909547:task-definition/plan-charge-prod-celery:1",
            "arn_without_revision": "arn:aws:ecs:eu-west-3:557937909547:task-definition/plan-charge-prod-celery",
            "container_definitions": "[{\"command\":[\"celery\",\"-A\",\"app.tasks\",\"beat\",\"--loglevel=info\"],\"environment\":[{\"name\":\"ENVIRONMENT\",\"value\":\"prod\"}],\"essential\":true,\"image\":\"557937909547.dkr.ecr.eu-west-3.amazonaws.com/plan-charge-celery:latest\",\"logConfiguration\":{\"logDriver\":\"awslogs\",\"options\":{\"awslogs-group\":\"/ecs/plan-charge-prod\",\"awslogs-region\":\"eu-west-3\",\"awslogs-stream-prefix\":\"celery-beat\"}},\"mountPoints\":[],\"name\":\"celery-beat\",\"portMappings\":[],\"secrets\":[{\"name\":\"CELERY_BROKER_URL\",\"valueFrom\":\"arn:aws:ssm:eu-west-3:557937909547:parameter/plan-charge/prod/celery-broker-url\"},{\"name\":\"CELERY_RESULT_BACKEND\",\"valueFrom\":\"arn:aws:ssm:eu-west-3:557937909547:parameter/plan-charge/prod/celery-result-backend\"},{\"name\":\"DATABASE_URL\",\"valueFrom\":\"arn:aws:ssm:eu-west-3:557937909547:parameter/plan-charge/prod/database-url\"},{\"name\":\"REDIS_URL\",\"valueFrom\":\"arn:aws:ssm:eu-west-3:557937909547:parameter/plan-charge/prod/redis-url\"}],\"systemControls\":[],\"volumesFrom\":[]},{\"command\":[\"celery\",\"-A\",\"app.tasks\",\"worker\",\"--loglevel=info\"],\"environment\":[{\"name\":\"AWS_DEFAULT_REGION\",\"value\":\"eu-west-3\"},{\"name\":\"ENVIRONMENT\",\"value\":\"prod\"}],\"essential\":true,\"image\":\"557937909547.dkr.ecr.eu-west-3.amazonaws.com/plan-charge-celery:latest\",\"logConfiguration\":{\"logDriver\":\"awslogs\",\"options\":{\"awslogs-group\":\"/ecs/plan-charge-prod\",\"awslogs-region\":\"eu-west-3\",\"awslogs-stream-prefix\":\"celery\"}},\"mountPoints\":[],\"name\":\"celery-worker\",\"portMappings\":[],\"secrets\":[{\"name\":\"CELERY_BROKER_URL\",\"valueFrom\":\"arn:aws:ssm:eu-west-3:557937909547:parameter/plan-charge/prod/celery-broker-url\"},{\"name\":\"CELERY_RESULT_BACKEND\",\"valueFrom\":\"arn:aws:ssm:eu-west-3:557937909547:parameter/plan-charge/prod/celery-result-backend\"},{\"name\":\"DATABASE_URL\",\"valueFrom\":\"arn:aws:ssm:eu-west-3:557937909547:parameter/plan-charge/prod/database-url\"},{\"name\":\"REDIS_URL\",\"valueFrom\":\"arn:aws:ssm:eu-west-3:557937909547:parameter/plan-charge/prod/redis-url\"}],\"systemControls\":[],\"volumesFrom\":[]}]",
            "cpu": "256",
            "enable_fault_injection": false,
            "ephemeral_storage": [],
            "execution_role_arn": "arn:aws:iam::557937909547:role/plan-charge-prod-ecs-execution-role",
            "family": "plan-charge-prod-celery",
            "id": "plan-charge-prod-celery",
            "inference_accelerator": [],
            "ipc_mode": "",
            "memory": "512",
            "network_mode": "awsvpc",
            "pid_mode": "",
            "placement_constraints": [],
            "proxy_configuration": [],
            "requires_compatibilities": [
              "FARGATE"
            ],
            "revision": 1,
            "runtime_platform": [],
            "skip_destroy": false,
            "tags": {
              "Environment": "prod",
              "ManagedBy": "Terraform",
              "Owner": "NDA-Partners",
              "Project": "plan-charge"
            },
            "tags_all": {
              "Environment": "prod",
              "ManagedBy": "Terraform",
              "Owner": "NDA-Partners",
              "Project": "plan-charge"
            },
            "task_role_arn": "arn:aws:iam::557937909547:role/plan-charge-prod-ecs-task-role",
            "track_latest": false,
            "volume": []
          },
          "sensitive_attributes": [],
          "private": "eyJzY2hlbWFfdmVyc2lvbiI6IjEifQ==",
          "dependencies": [
            "aws_cloudwatch_log_group.ecs",
            "aws_cloudwatch_log_group.redis_slow",
            "aws_elasticache_cluster.redis",
            "aws_elasticache_parameter_group.redis",
            "aws_elasticache_subnet_group.redis",
            "aws_iam_role.ecs_execution_role",
            "aws_iam_role.ecs_task_role",
            "aws_security_group.redis",
            "aws_ssm_parameter.celery_broker_url",
            "aws_ssm_parameter.celery_result_backend",
            "aws_ssm_parameter.database_url",
            "aws_ssm_parameter.redis_url"
          ]
        }
      ]
    },
    {
      "mode": "managed",
      "type": "aws_ecs_task_definition",
      "name": "frontend",
      "provider": "provider[\"registry.terraform.io/hashicorp/aws\"]",
      "instances": [
        {
          "schema_version": 1,
          "attributes": {
            "arn": "arn:aws:ecs:eu-west-3:557937909547:task-definition/plan-charge-prod-frontend:2",
            "arn_without_revision": "arn:aws:ecs:eu-west-3:557937909547:task-definition/plan-charge-prod-frontend",
            "container_definitions": "[{\"environment\":[{\"name\":\"ENVIRONMENT\",\"value\":\"prod\"},{\"name\":\"VITE_API_URL\",\"value\":\"/api/v1\"},{\"name\":\"VITE_AZURE_AD_CLIENT_ID\",\"value\":\"297111e3-85c8-4da3-8719-95ea5ce8ed50\"},{\"name\":\"VITE_AZURE_AD_REDIRECT_URI\",\"value\":\"https://plan-de-charge.aws.nda-partners.com/auth/callback\"},{\"name\":\"VITE_AZURE_AD_TENANT_ID\",\"value\":\"1e1ef656-4a7f-4ea3-b5b8-2713d2e6f74d\"},{\"name\":\"VITE_GRYZZLY_USE_MOCK\",\"value\":\"false\"}],\"essential\":true,\"healthCheck\":{\"command\":[\"CMD-SHELL\",\"curl -f http://localhost/health || exit 1\"],\"interval\":30,\"retries\":3,\"startPeriod\":30,\"timeout\":5},\"image\":\"557937909547.dkr.ecr.eu-west-3.amazonaws.com/plan-charge-frontend:latest\",\"logConfiguration\":{\"logDriver\":\"awslogs\",\"options\":{\"awslogs-group\":\"/ecs/plan-charge-prod\",\"awslogs-region\":\"eu-west-3\",\"awslogs-stream-prefix\":\"frontend\"}},\"mountPoints\":[],\"name\":\"frontend\",\"portMappings\":[{\"containerPort\":80,\"hostPort\":80,\"protocol\":\"tcp\"}],\"systemControls\":[],\"volumesFrom\":[]}]",
            "cpu": "256",
            "enable_fault_injection": false,
            "ephemeral_storage": [],
            "execution_role_arn": "arn:aws:iam::557937909547:role/plan-charge-prod-ecs-execution-role",
            "family": "plan-charge-prod-frontend",
            "id": "plan-charge-prod-frontend",
            "inference_accelerator": [],
            "ipc_mode": "",
            "memory": "512",
            "network_mode": "awsvpc",
            "pid_mode": "",
            "placement_constraints": [],
            "proxy_configuration": [],
            "requires_compatibilities": [
              "FARGATE"
            ],
            "revision": 2,
            "runtime_platform": [],
            "skip_destroy": false,
            "tags": {
              "Environment": "prod",
              "ManagedBy": "Terraform",
              "Owner": "NDA-Partners",
              "Project": "plan-charge"
            },
            "tags_all": {
              "Environment": "prod",
              "ManagedBy": "Terraform",
              "Owner": "NDA-Partners",
              "Project": "plan-charge"
            },
            "task_role_arn": "arn:aws:iam::557937909547:role/plan-charge-prod-ecs-task-role",
            "track_latest": false,
            "volume": []
          },
          "sensitive_attributes": [
            [
              {
                "type": "get_attr",
                "value": "container_definitions"
              }
            ]
          ],
          "private": "eyJzY2hlbWFfdmVyc2lvbiI6IjEifQ==",
          "dependencies": [
            "aws_cloudwatch_log_group.ecs",
            "aws_iam_role.ecs_execution_role",
            "aws_iam_role.ecs_task_role",
            "data.aws_ssm_parameter.azure_client_id",
            "data.aws_ssm_parameter.azure_redirect_uri",
            "data.aws_ssm_parameter.azure_tenant_id"
          ]
        }
      ]
    },
    {
      "mode": "managed",
      "type": "aws_eip",
      "name": "nat",
      "provider": "provider[\"registry.terraform.io/hashicorp/aws\"]",
      "instances": [
        {
          "schema_version": 0,
          "attributes": {
            "address": null,
            "allocation_id": "eipalloc-0ff031593491e2496",
            "arn": "arn:aws:ec2:eu-west-3:557937909547:elastic-ip/eipalloc-0ff031593491e2496",
            "associate_with_private_ip": null,
            "association_id": "eipassoc-05ba50a3cd8952cea",
            "carrier_ip": "",
            "customer_owned_ip": "",
            "customer_owned_ipv4_pool": "",
            "domain": "vpc",
            "id": "eipalloc-0ff031593491e2496",
            "instance": "",
            "ipam_pool_id": null,
            "network_border_group": "eu-west-3",
            "network_interface": "eni-0327948b41133954c",
            "private_dns": "ip-10-0-101-118.eu-west-3.compute.internal",
            "private_ip": "10.0.101.118",
            "ptr_record": "",
            "public_dns": "ec2-13-38-187-181.eu-west-3.compute.amazonaws.com",
            "public_ip": "13.38.187.181",
            "public_ipv4_pool": "amazon",
            "tags": {
              "Environment": "prod",
              "ManagedBy": "Terraform",
              "Name": "plan-charge-prod-nat-eip",
              "Owner": "NDA-Partners",
              "Project": "plan-charge"
            },
            "tags_all": {
              "Environment": "prod",
              "ManagedBy": "Terraform",
              "Name": "plan-charge-prod-nat-eip",
              "Owner": "NDA-Partners",
              "Project": "plan-charge"
            },
            "timeouts": null,
            "vpc": true
          },
          "sensitive_attributes": [],
          "private": "eyJlMmJmYjczMC1lY2FhLTExZTYtOGY4OC0zNDM2M2JjN2M0YzAiOnsiZGVsZXRlIjoxODAwMDAwMDAwMDAsInJlYWQiOjkwMDAwMDAwMDAwMCwidXBkYXRlIjozMDAwMDAwMDAwMDB9fQ==",
          "dependencies": [
            "aws_internet_gateway.main",
            "aws_vpc.main"
          ]
        }
      ]
    },
    {
      "mode": "managed",
      "type": "aws_elasticache_cluster",
      "name": "redis",
      "provider": "provider[\"registry.terraform.io/hashicorp/aws\"]",
      "instances": [
        {
          "schema_version": 0,
          "attributes": {
            "apply_immediately": null,
            "arn": "arn:aws:elasticache:eu-west-3:557937909547:cluster:plan-charge-prod-redis",
            "auto_minor_version_upgrade": "true",
            "availability_zone": "eu-west-3a",
            "az_mode": "single-az",
            "cache_nodes": [
              {
                "address": "plan-charge-prod-redis.apow54.0001.euw3.cache.amazonaws.com",
                "availability_zone": "eu-west-3a",
                "id": "0001",
                "outpost_arn": "",
                "port": 6379
              }
            ],
            "cluster_address": null,
            "cluster_id": "plan-charge-prod-redis",
            "configuration_endpoint": null,
            "engine": "redis",
            "engine_version": "6.2",
            "engine_version_actual": "6.2.6",
            "final_snapshot_identifier": null,
            "id": "plan-charge-prod-redis",
            "ip_discovery": "ipv4",
            "log_delivery_configuration": [
              {
                "destination": "/aws/elasticache/redis/plan-charge-prod",
                "destination_type": "cloudwatch-logs",
                "log_format": "text",
                "log_type": "slow-log"
              }
            ],
            "maintenance_window": "sun:05:00-sun:06:00",
            "network_type": "ipv4",
            "node_type": "cache.t3.micro",
            "notification_topic_arn": null,
            "num_cache_nodes": 1,
            "outpost_mode": null,
            "parameter_group_name": "plan-charge-prod-redis-params",
            "port": 6379,
            "preferred_availability_zones": null,
            "preferred_outpost_arn": "",
            "replication_group_id": "",
            "security_group_ids": [
              "sg-060e2b425add84ef4"
            ],
            "snapshot_arns": null,
            "snapshot_name": null,
            "snapshot_retention_limit": 3,
            "snapshot_window": "02:00-03:00",
            "subnet_group_name": "plan-charge-prod-redis-subnet-group",
            "tags": {
              "Environment": "prod",
              "ManagedBy": "Terraform",
              "Name": "plan-charge-prod-redis",
              "Owner": "NDA-Partners",
              "Project": "plan-charge"
            },
            "tags_all": {
              "Environment": "prod",
              "ManagedBy": "Terraform",
              "Name": "plan-charge-prod-redis",
              "Owner": "NDA-Partners",
              "Project": "plan-charge"
            },
            "timeouts": null,
            "transit_encryption_enabled": false
          },
          "sensitive_attributes": [],
          "private": "eyJlMmJmYjczMC1lY2FhLTExZTYtOGY4OC0zNDM2M2JjN2M0YzAiOnsiY3JlYXRlIjoyNDAwMDAwMDAwMDAwLCJkZWxldGUiOjI0MDAwMDAwMDAwMDAsInVwZGF0ZSI6NDgwMDAwMDAwMDAwMH19",
          "dependencies": [
            "aws_cloudwatch_log_group.redis_slow",
            "aws_elasticache_parameter_group.redis",
            "aws_elasticache_subnet_group.redis",
            "aws_security_group.alb",
            "aws_security_group.ecs_tasks",
            "aws_security_group.redis",
            "aws_subnet.private",
            "aws_vpc.main",
            "data.aws_availability_zones.available"
          ]
        }
      ]
    },
    {
      "mode": "managed",
      "type": "aws_elasticache_parameter_group",
      "name": "redis",
      "provider": "provider[\"registry.terraform.io/hashicorp/aws\"]",
      "instances": [
        {
          "schema_version": 0,
          "attributes": {
            "arn": "arn:aws:elasticache:eu-west-3:557937909547:parametergroup:plan-charge-prod-redis-params",
            "description": "Managed by Terraform",
            "family": "redis6.x",
            "id": "plan-charge-prod-redis-params",
            "name": "plan-charge-prod-redis-params",
            "parameter": [
              {
                "name": "maxmemory-policy",
                "value": "allkeys-lru"
              },
              {
                "name": "timeout",
                "value": "300"
              }
            ],
            "tags": {
              "Environment": "prod",
              "ManagedBy": "Terraform",
              "Owner": "NDA-Partners",
              "Project": "plan-charge"
            },
            "tags_all": {
              "Environment": "prod",
              "ManagedBy": "Terraform",
              "Owner": "NDA-Partners",
              "Project": "plan-charge"
            }
          },
          "sensitive_attributes": [],
          "private": "bnVsbA=="
        }
      ]
    },
    {
      "mode": "managed",
      "type": "aws_elasticache_subnet_group",
      "name": "redis",
      "provider": "provider[\"registry.terraform.io/hashicorp/aws\"]",
      "instances": [
        {
          "schema_version": 0,
          "attributes": {
            "arn": "arn:aws:elasticache:eu-west-3:557937909547:subnetgroup:plan-charge-prod-redis-subnet-group",
            "description": "Managed by Terraform",
            "id": "plan-charge-prod-redis-subnet-group",
            "name": "plan-charge-prod-redis-subnet-group",
            "subnet_ids": [
              "subnet-04e83c8c930637597",
              "subnet-075ba669585873bb8"
            ],
            "tags": {
              "Environment": "prod",
              "ManagedBy": "Terraform",
              "Name": "plan-charge-prod-redis-subnet-group",
              "Owner": "NDA-Partners",
              "Project": "plan-charge"
            },
            "tags_all": {
              "Environment": "prod",
              "ManagedBy": "Terraform",
              "Name": "plan-charge-prod-redis-subnet-group",
              "Owner": "NDA-Partners",
              "Project": "plan-charge"
            },
            "vpc_id": "vpc-085d1508f580455ed"
          },
          "sensitive_attributes": [],
          "private": "bnVsbA==",
          "dependencies": [
            "aws_subnet.private",
            "aws_vpc.main",
            "data.aws_availability_zones.available"
          ]
        }
      ]
    },
    {
      "mode": "managed",
      "type": "aws_iam_role",
      "name": "ecs_execution_role",
      "provider": "provider[\"registry.terraform.io/hashicorp/aws\"]",
      "instances": [
        {
          "schema_version": 0,
          "attributes": {
            "arn": "arn:aws:iam::557937909547:role/plan-charge-prod-ecs-execution-role",
            "assume_role_policy": "{\"Statement\":[{\"Action\":\"sts:AssumeRole\",\"Effect\":\"Allow\",\"Principal\":{\"Service\":\"ecs-tasks.amazonaws.com\"}}],\"Version\":\"2012-10-17\"}",
            "create_date": "2025-08-15T20:09:26Z",
            "description": "",
            "force_detach_policies": false,
            "id": "plan-charge-prod-ecs-execution-role",
            "inline_policy": [
              {
                "name": "plan-charge-prod-ecs-task-ssm-policy",
                "policy": "{\"Version\":\"2012-10-17\",\"Statement\":[{\"Action\":[\"ssm:GetParameter\",\"ssm:GetParameters\",\"ssm:GetParametersByPath\"],\"Effect\":\"Allow\",\"Resource\":[\"arn:aws:ssm:eu-west-3:557937909547:parameter/plan-charge/prod/*\"]}]}"
              }
            ],
            "managed_policy_arns": [
              "arn:aws:iam::aws:policy/service-role/AmazonECSTaskExecutionRolePolicy"
            ],
            "max_session_duration": 3600,
            "name": "plan-charge-prod-ecs-execution-role",
            "name_prefix": "",
            "path": "/",
            "permissions_boundary": "",
            "tags": {
              "Environment": "prod",
              "ManagedBy": "Terraform",
              "Owner": "NDA-Partners",
              "Project": "plan-charge"
            },
            "tags_all": {
              "Environment": "prod",
              "ManagedBy": "Terraform",
              "Owner": "NDA-Partners",
              "Project": "plan-charge"
            },
            "unique_id": "AROAYDZ5Q34V5TG2INFAY"
          },
          "sensitive_attributes": [],
          "private": "bnVsbA=="
        }
      ]
    },
    {
      "mode": "managed",
      "type": "aws_iam_role",
      "name": "ecs_task_role",
      "provider": "provider[\"registry.terraform.io/hashicorp/aws\"]",
      "instances": [
        {
          "schema_version": 0,
          "attributes": {
            "arn": "arn:aws:iam::557937909547:role/plan-charge-prod-ecs-task-role",
            "assume_role_policy": "{\"Statement\":[{\"Action\":\"sts:AssumeRole\",\"Effect\":\"Allow\",\"Principal\":{\"Service\":\"ecs-tasks.amazonaws.com\"}}],\"Version\":\"2012-10-17\"}",
            "create_date": "2025-08-15T20:09:26Z",
            "description": "",
            "force_detach_policies": false,
            "id": "plan-charge-prod-ecs-task-role",
            "inline_policy": [],
            "managed_policy_arns": [],
            "max_session_duration": 3600,
            "name": "plan-charge-prod-ecs-task-role",
            "name_prefix": "",
            "path": "/",
            "permissions_boundary": "",
            "tags": {
              "Environment": "prod",
              "ManagedBy": "Terraform",
              "Owner": "NDA-Partners",
              "Project": "plan-charge"
            },
            "tags_all": {
              "Environment": "prod",
              "ManagedBy": "Terraform",
              "Owner": "NDA-Partners",
              "Project": "plan-charge"
            },
            "unique_id": "AROAYDZ5Q34VTAKVCCIF4"
          },
          "sensitive_attributes": [],
          "private": "bnVsbA=="
        }
      ]
    },
    {
      "mode": "managed",
      "type": "aws_iam_role",
      "name": "rds_monitoring",
      "provider": "provider[\"registry.terraform.io/hashicorp/aws\"]",
      "instances": [
        {
          "schema_version": 0,
          "attributes": {
            "arn": "arn:aws:iam::557937909547:role/plan-charge-prod-rds-monitoring-role",
            "assume_role_policy": "{\"Statement\":[{\"Action\":\"sts:AssumeRole\",\"Effect\":\"Allow\",\"Principal\":{\"Service\":\"monitoring.rds.amazonaws.com\"}}],\"Version\":\"2012-10-17\"}",
            "create_date": "2025-08-15T20:09:26Z",
            "description": "",
            "force_detach_policies": false,
            "id": "plan-charge-prod-rds-monitoring-role",
            "inline_policy": [],
            "managed_policy_arns": [
              "arn:aws:iam::aws:policy/service-role/AmazonRDSEnhancedMonitoringRole"
            ],
            "max_session_duration": 3600,
            "name": "plan-charge-prod-rds-monitoring-role",
            "name_prefix": "",
            "path": "/",
            "permissions_boundary": "",
            "tags": {
              "Environment": "prod",
              "ManagedBy": "Terraform",
              "Owner": "NDA-Partners",
              "Project": "plan-charge"
            },
            "tags_all": {
              "Environment": "prod",
              "ManagedBy": "Terraform",
              "Owner": "NDA-Partners",
              "Project": "plan-charge"
            },
            "unique_id": "AROAYDZ5Q34VQOCBKEQME"
          },
          "sensitive_attributes": [],
          "private": "bnVsbA=="
        }
      ]
    },
    {
      "mode": "managed",
      "type": "aws_iam_role_policy",
      "name": "ecs_task_ssm",
      "provider": "provider[\"registry.terraform.io/hashicorp/aws\"]",
      "instances": [
        {
          "schema_version": 0,
          "attributes": {
            "id": "plan-charge-prod-ecs-execution-role:plan-charge-prod-ecs-task-ssm-policy",
            "name": "plan-charge-prod-ecs-task-ssm-policy",
            "name_prefix": "",
            "policy": "{\"Version\":\"2012-10-17\",\"Statement\":[{\"Action\":[\"ssm:GetParameter\",\"ssm:GetParameters\",\"ssm:GetParametersByPath\"],\"Effect\":\"Allow\",\"Resource\":[\"arn:aws:ssm:eu-west-3:557937909547:parameter/plan-charge/prod/*\"]}]}",
            "role": "plan-charge-prod-ecs-execution-role"
          },
          "sensitive_attributes": [],
          "private": "bnVsbA==",
          "dependencies": [
            "aws_iam_role.ecs_execution_role",
            "data.aws_caller_identity.current"
          ]
        }
      ]
    },
    {
      "mode": "managed",
      "type": "aws_iam_role_policy_attachment",
      "name": "ecs_execution_role_policy",
      "provider": "provider[\"registry.terraform.io/hashicorp/aws\"]",
      "instances": [
        {
          "schema_version": 0,
          "attributes": {
            "id": "plan-charge-prod-ecs-execution-role-20250815200927335100000003",
            "policy_arn": "arn:aws:iam::aws:policy/service-role/AmazonECSTaskExecutionRolePolicy",
            "role": "plan-charge-prod-ecs-execution-role"
          },
          "sensitive_attributes": [],
          "private": "bnVsbA==",
          "dependencies": [
            "aws_iam_role.ecs_execution_role"
          ]
        }
      ]
    },
    {
      "mode": "managed",
      "type": "aws_iam_role_policy_attachment",
      "name": "rds_monitoring",
      "provider": "provider[\"registry.terraform.io/hashicorp/aws\"]",
      "instances": [
        {
          "schema_version": 0,
          "attributes": {
            "id": "plan-charge-prod-rds-monitoring-role-20250815200927187700000002",
            "policy_arn": "arn:aws:iam::aws:policy/service-role/AmazonRDSEnhancedMonitoringRole",
            "role": "plan-charge-prod-rds-monitoring-role"
          },
          "sensitive_attributes": [],
          "private": "bnVsbA==",
          "dependencies": [
            "aws_iam_role.rds_monitoring"
          ]
        }
      ]
    },
    {
      "mode": "managed",
      "type": "aws_internet_gateway",
      "name": "main",
      "provider": "provider[\"registry.terraform.io/hashicorp/aws\"]",
      "instances": [
        {
          "schema_version": 0,
          "attributes": {
            "arn": "arn:aws:ec2:eu-west-3:557937909547:internet-gateway/igw-03482a090051b31b8",
            "id": "igw-03482a090051b31b8",
            "owner_id": "557937909547",
            "tags": {
              "Environment": "prod",
              "ManagedBy": "Terraform",
              "Name": "plan-charge-prod-igw",
              "Owner": "NDA-Partners",
              "Project": "plan-charge"
            },
            "tags_all": {
              "Environment": "prod",
              "ManagedBy": "Terraform",
              "Name": "plan-charge-prod-igw",
              "Owner": "NDA-Partners",
              "Project": "plan-charge"
            },
            "timeouts": null,
            "vpc_id": "vpc-085d1508f580455ed"
          },
          "sensitive_attributes": [],
          "private": "eyJlMmJmYjczMC1lY2FhLTExZTYtOGY4OC0zNDM2M2JjN2M0YzAiOnsiY3JlYXRlIjoxMjAwMDAwMDAwMDAwLCJkZWxldGUiOjEyMDAwMDAwMDAwMDAsInVwZGF0ZSI6MTIwMDAwMDAwMDAwMH19",
          "dependencies": [
            "aws_vpc.main"
          ]
        }
      ]
    },
    {
      "mode": "managed",
      "type": "aws_lb",
      "name": "main",
      "provider": "provider[\"registry.terraform.io/hashicorp/aws\"]",
      "instances": [
        {
          "schema_version": 0,
          "attributes": {
            "access_logs": [
              {
                "bucket": "plan-charge-prod-alb-logs-403tac40",
                "enabled": true,
                "prefix": "alb-logs"
              }
            ],
            "arn": "arn:aws:elasticloadbalancing:eu-west-3:557937909547:loadbalancer/app/plan-charge-prod-alb/bbd2924f32e113a3",
            "arn_suffix": "app/plan-charge-prod-alb/bbd2924f32e113a3",
            "client_keep_alive": 3600,
            "connection_logs": [
              {
                "bucket": "",
                "enabled": false,
                "prefix": ""
              }
            ],
            "customer_owned_ipv4_pool": "",
            "desync_mitigation_mode": "defensive",
            "dns_name": "plan-charge-prod-alb-2004483215.eu-west-3.elb.amazonaws.com",
            "dns_record_client_routing_policy": null,
            "drop_invalid_header_fields": false,
            "enable_cross_zone_load_balancing": true,
            "enable_deletion_protection": false,
            "enable_http2": true,
            "enable_tls_version_and_cipher_suite_headers": false,
            "enable_waf_fail_open": false,
            "enable_xff_client_port": false,
            "enable_zonal_shift": false,
            "enforce_security_group_inbound_rules_on_private_link_traffic": "",
            "id": "arn:aws:elasticloadbalancing:eu-west-3:557937909547:loadbalancer/app/plan-charge-prod-alb/bbd2924f32e113a3",
            "idle_timeout": 60,
            "internal": false,
            "ip_address_type": "ipv4",
            "ipam_pools": [],
            "load_balancer_type": "application",
            "minimum_load_balancer_capacity": [],
            "name": "plan-charge-prod-alb",
            "name_prefix": "",
            "preserve_host_header": false,
            "security_groups": [
              "sg-0ca82e9b6ee900305"
            ],
            "subnet_mapping": [
              {
                "allocation_id": "",
                "ipv6_address": "",
                "outpost_id": "",
                "private_ipv4_address": "",
                "subnet_id": "subnet-031435e219eb23350"
              },
              {
                "allocation_id": "",
                "ipv6_address": "",
                "outpost_id": "",
                "private_ipv4_address": "",
                "subnet_id": "subnet-0f9ff0127fc5d92b6"
              }
            ],
            "subnets": [
              "subnet-031435e219eb23350",
              "subnet-0f9ff0127fc5d92b6"
            ],
            "tags": {
              "Environment": "prod",
              "ManagedBy": "Terraform",
              "Name": "plan-charge-prod-alb",
              "Owner": "NDA-Partners",
              "Project": "plan-charge"
            },
            "tags_all": {
              "Environment": "prod",
              "ManagedBy": "Terraform",
              "Name": "plan-charge-prod-alb",
              "Owner": "NDA-Partners",
              "Project": "plan-charge"
            },
            "timeouts": null,
            "vpc_id": "vpc-085d1508f580455ed",
            "xff_header_processing_mode": "append",
            "zone_id": "Z3Q77PNBQS71R4"
          },
          "sensitive_attributes": [],
          "private": "eyJlMmJmYjczMC1lY2FhLTExZTYtOGY4OC0zNDM2M2JjN2M0YzAiOnsiY3JlYXRlIjo2MDAwMDAwMDAwMDAsImRlbGV0ZSI6NjAwMDAwMDAwMDAwLCJ1cGRhdGUiOjYwMDAwMDAwMDAwMH19",
          "dependencies": [
            "aws_s3_bucket.alb_logs",
            "aws_security_group.alb",
            "aws_subnet.public",
            "aws_vpc.main",
            "data.aws_availability_zones.available",
            "random_string.bucket_suffix"
          ]
        }
      ]
    },
    {
      "mode": "managed",
      "type": "aws_lb_listener",
      "name": "http",
      "provider": "provider[\"registry.terraform.io/hashicorp/aws\"]",
      "instances": [
        {
          "schema_version": 0,
          "attributes": {
            "alpn_policy": null,
            "arn": "arn:aws:elasticloadbalancing:eu-west-3:557937909547:listener/app/plan-charge-prod-alb/bbd2924f32e113a3/4fd014eca072d836",
            "certificate_arn": null,
            "default_action": [
              {
                "authenticate_cognito": [],
                "authenticate_oidc": [],
                "fixed_response": [],
                "forward": [],
                "order": 1,
                "redirect": [],
                "target_group_arn": "arn:aws:elasticloadbalancing:eu-west-3:557937909547:targetgroup/plan-charge-prod-frontend-tg/12270fa6da916511",
                "type": "forward"
              }
            ],
            "id": "arn:aws:elasticloadbalancing:eu-west-3:557937909547:listener/app/plan-charge-prod-alb/bbd2924f32e113a3/4fd014eca072d836",
            "load_balancer_arn": "arn:aws:elasticloadbalancing:eu-west-3:557937909547:loadbalancer/app/plan-charge-prod-alb/bbd2924f32e113a3",
            "mutual_authentication": [],
            "port": 80,
            "protocol": "HTTP",
            "routing_http_request_x_amzn_mtls_clientcert_header_name": null,
            "routing_http_request_x_amzn_mtls_clientcert_issuer_header_name": null,
            "routing_http_request_x_amzn_mtls_clientcert_leaf_header_name": null,
            "routing_http_request_x_amzn_mtls_clientcert_serial_number_header_name": null,
            "routing_http_request_x_amzn_mtls_clientcert_subject_header_name": null,
            "routing_http_request_x_amzn_mtls_clientcert_validity_header_name": null,
            "routing_http_request_x_amzn_tls_cipher_suite_header_name": null,
            "routing_http_request_x_amzn_tls_version_header_name": null,
            "routing_http_response_access_control_allow_credentials_header_value": "",
            "routing_http_response_access_control_allow_headers_header_value": "",
            "routing_http_response_access_control_allow_methods_header_value": "",
            "routing_http_response_access_control_allow_origin_header_value": "",
            "routing_http_response_access_control_expose_headers_header_value": "",
            "routing_http_response_access_control_max_age_header_value": "",
            "routing_http_response_content_security_policy_header_value": "",
            "routing_http_response_server_enabled": true,
            "routing_http_response_strict_transport_security_header_value": "",
            "routing_http_response_x_content_type_options_header_value": "",
            "routing_http_response_x_frame_options_header_value": "",
            "ssl_policy": "",
            "tags": {
              "Environment": "prod",
              "ManagedBy": "Terraform",
              "Owner": "NDA-Partners",
              "Project": "plan-charge"
            },
            "tags_all": {
              "Environment": "prod",
              "ManagedBy": "Terraform",
              "Owner": "NDA-Partners",
              "Project": "plan-charge"
            },
            "tcp_idle_timeout_seconds": null,
            "timeouts": null
          },
          "sensitive_attributes": [],
          "private": "eyJlMmJmYjczMC1lY2FhLTExZTYtOGY4OC0zNDM2M2JjN2M0YzAiOnsiY3JlYXRlIjozMDAwMDAwMDAwMDAsInVwZGF0ZSI6MzAwMDAwMDAwMDAwfX0=",
          "dependencies": [
            "aws_lb.main",
            "aws_lb_target_group.frontend",
            "aws_s3_bucket.alb_logs",
            "aws_security_group.alb",
            "aws_subnet.public",
            "aws_vpc.main",
            "data.aws_availability_zones.available",
            "random_string.bucket_suffix"
          ]
        }
      ]
    },
    {
      "mode": "managed",
      "type": "aws_lb_listener_rule",
      "name": "api",
      "provider": "provider[\"registry.terraform.io/hashicorp/aws\"]",
      "instances": [
        {
          "schema_version": 0,
          "attributes": {
            "action": [
              {
                "authenticate_cognito": [],
                "authenticate_oidc": [],
                "fixed_response": [],
                "forward": [],
                "order": 1,
                "redirect": [],
                "target_group_arn": "arn:aws:elasticloadbalancing:eu-west-3:557937909547:targetgroup/plan-charge-prod-backend-tg/4ceb3ca347763b24",
                "type": "forward"
              }
            ],
            "arn": "arn:aws:elasticloadbalancing:eu-west-3:557937909547:listener-rule/app/plan-charge-prod-alb/bbd2924f32e113a3/4fd014eca072d836/03834e0ca487b764",
            "condition": [
              {
                "host_header": [],
                "http_header": [],
                "http_request_method": [],
                "path_pattern": [
                  {
                    "values": [
                      "/api/*",
                      "/docs",
                      "/openapi.json",
                      "/redoc"
                    ]
                  }
                ],
                "query_string": [],
                "source_ip": []
              }
            ],
            "id": "arn:aws:elasticloadbalancing:eu-west-3:557937909547:listener-rule/app/plan-charge-prod-alb/bbd2924f32e113a3/4fd014eca072d836/03834e0ca487b764",
            "listener_arn": "arn:aws:elasticloadbalancing:eu-west-3:557937909547:listener/app/plan-charge-prod-alb/bbd2924f32e113a3/4fd014eca072d836",
            "priority": 100,
            "tags": {
              "Environment": "prod",
              "ManagedBy": "Terraform",
              "Owner": "NDA-Partners",
              "Project": "plan-charge"
            },
            "tags_all": {
              "Environment": "prod",
              "ManagedBy": "Terraform",
              "Owner": "NDA-Partners",
              "Project": "plan-charge"
            }
          },
          "sensitive_attributes": [],
          "private": "bnVsbA==",
          "dependencies": [
            "aws_lb.main",
            "aws_lb_listener.http",
            "aws_lb_target_group.backend",
            "aws_lb_target_group.frontend",
            "aws_s3_bucket.alb_logs",
            "aws_security_group.alb",
            "aws_subnet.public",
            "aws_vpc.main",
            "data.aws_availability_zones.available",
            "random_string.bucket_suffix"
          ]
        }
      ]
    },
    {
      "mode": "managed",
      "type": "aws_lb_listener_rule",
      "name": "assets",
      "provider": "provider[\"registry.terraform.io/hashicorp/aws\"]",
      "instances": [
        {
          "schema_version": 0,
          "attributes": {
            "action": [
              {
                "authenticate_cognito": [],
                "authenticate_oidc": [],
                "fixed_response": [],
                "forward": [],
                "order": 1,
                "redirect": [],
                "target_group_arn": "arn:aws:elasticloadbalancing:eu-west-3:557937909547:targetgroup/plan-charge-prod-frontend-tg/12270fa6da916511",
                "type": "forward"
              }
            ],
            "arn": "arn:aws:elasticloadbalancing:eu-west-3:557937909547:listener-rule/app/plan-charge-prod-alb/bbd2924f32e113a3/4fd014eca072d836/217684aea3e0ddba",
            "condition": [
              {
                "host_header": [],
                "http_header": [],
                "http_request_method": [],
                "path_pattern": [
                  {
                    "values": [
                      "*.png",
                      "*.svg",
                      "/assets/*",
                      "/favicon.ico",
                      "/robots.txt"
                    ]
                  }
                ],
                "query_string": [],
                "source_ip": []
              }
            ],
            "id": "arn:aws:elasticloadbalancing:eu-west-3:557937909547:listener-rule/app/plan-charge-prod-alb/bbd2924f32e113a3/4fd014eca072d836/217684aea3e0ddba",
            "listener_arn": "arn:aws:elasticloadbalancing:eu-west-3:557937909547:listener/app/plan-charge-prod-alb/bbd2924f32e113a3/4fd014eca072d836",
            "priority": 200,
            "tags": {
              "Environment": "prod",
              "ManagedBy": "Terraform",
              "Owner": "NDA-Partners",
              "Project": "plan-charge"
            },
            "tags_all": {
              "Environment": "prod",
              "ManagedBy": "Terraform",
              "Owner": "NDA-Partners",
              "Project": "plan-charge"
            }
          },
          "sensitive_attributes": [],
          "private": "bnVsbA==",
          "dependencies": [
            "aws_lb.main",
            "aws_lb_listener.http",
            "aws_lb_target_group.frontend",
            "aws_s3_bucket.alb_logs",
            "aws_security_group.alb",
            "aws_subnet.public",
            "aws_vpc.main",
            "data.aws_availability_zones.available",
            "random_string.bucket_suffix"
          ]
        }
      ]
    },
    {
      "mode": "managed",
      "type": "aws_lb_target_group",
      "name": "backend",
      "provider": "provider[\"registry.terraform.io/hashicorp/aws\"]",
      "instances": [
        {
          "schema_version": 0,
          "attributes": {
            "arn": "arn:aws:elasticloadbalancing:eu-west-3:557937909547:targetgroup/plan-charge-prod-backend-tg/4ceb3ca347763b24",
            "arn_suffix": "targetgroup/plan-charge-prod-backend-tg/4ceb3ca347763b24",
            "connection_termination": null,
            "deregistration_delay": "300",
            "health_check": [
              {
                "enabled": true,
                "healthy_threshold": 2,
                "interval": 30,
                "matcher": "200",
                "path": "/health",
                "port": "traffic-port",
                "protocol": "HTTP",
                "timeout": 5,
                "unhealthy_threshold": 2
              }
            ],
            "id": "arn:aws:elasticloadbalancing:eu-west-3:557937909547:targetgroup/plan-charge-prod-backend-tg/4ceb3ca347763b24",
            "ip_address_type": "ipv4",
            "lambda_multi_value_headers_enabled": false,
            "load_balancer_arns": [
              "arn:aws:elasticloadbalancing:eu-west-3:557937909547:loadbalancer/app/plan-charge-prod-alb/bbd2924f32e113a3"
            ],
            "load_balancing_algorithm_type": "round_robin",
            "load_balancing_anomaly_mitigation": "off",
            "load_balancing_cross_zone_enabled": "use_load_balancer_configuration",
            "name": "plan-charge-prod-backend-tg",
            "name_prefix": "",
            "port": 8000,
            "preserve_client_ip": null,
            "protocol": "HTTP",
            "protocol_version": "HTTP1",
            "proxy_protocol_v2": false,
            "slow_start": 0,
            "stickiness": [
              {
                "cookie_duration": 86400,
                "cookie_name": "",
                "enabled": false,
                "type": "lb_cookie"
              }
            ],
            "tags": {
              "Environment": "prod",
              "ManagedBy": "Terraform",
              "Name": "plan-charge-prod-backend-tg",
              "Owner": "NDA-Partners",
              "Project": "plan-charge"
            },
            "tags_all": {
              "Environment": "prod",
              "ManagedBy": "Terraform",
              "Name": "plan-charge-prod-backend-tg",
              "Owner": "NDA-Partners",
              "Project": "plan-charge"
            },
            "target_failover": [
              {
                "on_deregistration": null,
                "on_unhealthy": null
              }
            ],
            "target_group_health": [
              {
                "dns_failover": [
                  {
                    "minimum_healthy_targets_count": "1",
                    "minimum_healthy_targets_percentage": "off"
                  }
                ],
                "unhealthy_state_routing": [
                  {
                    "minimum_healthy_targets_count": 1,
                    "minimum_healthy_targets_percentage": "off"
                  }
                ]
              }
            ],
            "target_health_state": [
              {
                "enable_unhealthy_connection_termination": null,
                "unhealthy_draining_interval": null
              }
            ],
            "target_type": "ip",
            "vpc_id": "vpc-085d1508f580455ed"
          },
          "sensitive_attributes": [],
          "private": "bnVsbA==",
          "dependencies": [
            "aws_vpc.main"
          ]
        }
      ]
    },
    {
      "mode": "managed",
      "type": "aws_lb_target_group",
      "name": "frontend",
      "provider": "provider[\"registry.terraform.io/hashicorp/aws\"]",
      "instances": [
        {
          "schema_version": 0,
          "attributes": {
            "arn": "arn:aws:elasticloadbalancing:eu-west-3:557937909547:targetgroup/plan-charge-prod-frontend-tg/12270fa6da916511",
            "arn_suffix": "targetgroup/plan-charge-prod-frontend-tg/12270fa6da916511",
            "connection_termination": null,
            "deregistration_delay": "300",
            "health_check": [
              {
                "enabled": true,
                "healthy_threshold": 2,
                "interval": 30,
                "matcher": "200",
                "path": "/health",
                "port": "traffic-port",
                "protocol": "HTTP",
                "timeout": 5,
                "unhealthy_threshold": 2
              }
            ],
            "id": "arn:aws:elasticloadbalancing:eu-west-3:557937909547:targetgroup/plan-charge-prod-frontend-tg/12270fa6da916511",
            "ip_address_type": "ipv4",
            "lambda_multi_value_headers_enabled": false,
            "load_balancer_arns": [
              "arn:aws:elasticloadbalancing:eu-west-3:557937909547:loadbalancer/app/plan-charge-prod-alb/bbd2924f32e113a3"
            ],
            "load_balancing_algorithm_type": "round_robin",
            "load_balancing_anomaly_mitigation": "off",
            "load_balancing_cross_zone_enabled": "use_load_balancer_configuration",
            "name": "plan-charge-prod-frontend-tg",
            "name_prefix": "",
            "port": 80,
            "preserve_client_ip": null,
            "protocol": "HTTP",
            "protocol_version": "HTTP1",
            "proxy_protocol_v2": false,
            "slow_start": 0,
            "stickiness": [
              {
                "cookie_duration": 86400,
                "cookie_name": "",
                "enabled": false,
                "type": "lb_cookie"
              }
            ],
            "tags": {
              "Environment": "prod",
              "ManagedBy": "Terraform",
              "Name": "plan-charge-prod-frontend-tg",
              "Owner": "NDA-Partners",
              "Project": "plan-charge"
            },
            "tags_all": {
              "Environment": "prod",
              "ManagedBy": "Terraform",
              "Name": "plan-charge-prod-frontend-tg",
              "Owner": "NDA-Partners",
              "Project": "plan-charge"
            },
            "target_failover": [
              {
                "on_deregistration": null,
                "on_unhealthy": null
              }
            ],
            "target_group_health": [
              {
                "dns_failover": [
                  {
                    "minimum_healthy_targets_count": "1",
                    "minimum_healthy_targets_percentage": "off"
                  }
                ],
                "unhealthy_state_routing": [
                  {
                    "minimum_healthy_targets_count": 1,
                    "minimum_healthy_targets_percentage": "off"
                  }
                ]
              }
            ],
            "target_health_state": [
              {
                "enable_unhealthy_connection_termination": null,
                "unhealthy_draining_interval": null
              }
            ],
            "target_type": "ip",
            "vpc_id": "vpc-085d1508f580455ed"
          },
          "sensitive_attributes": [],
          "private": "bnVsbA==",
          "dependencies": [
            "aws_vpc.main"
          ]
        }
      ]
    },
    {
      "mode": "managed",
      "type": "aws_nat_gateway",
      "name": "main",
      "provider": "provider[\"registry.terraform.io/hashicorp/aws\"]",
      "instances": [
        {
          "schema_version": 0,
          "attributes": {
            "allocation_id": "eipalloc-0ff031593491e2496",
            "association_id": "eipassoc-05ba50a3cd8952cea",
            "connectivity_type": "public",
            "id": "nat-04b0ef390b699eef9",
            "network_interface_id": "eni-0327948b41133954c",
            "private_ip": "10.0.101.118",
            "public_ip": "13.38.187.181",
            "secondary_allocation_ids": [],
            "secondary_private_ip_address_count": 0,
            "secondary_private_ip_addresses": [],
            "subnet_id": "subnet-031435e219eb23350",
            "tags": {
              "Environment": "prod",
              "ManagedBy": "Terraform",
              "Name": "plan-charge-prod-nat-gateway",
              "Owner": "NDA-Partners",
              "Project": "plan-charge"
            },
            "tags_all": {
              "Environment": "prod",
              "ManagedBy": "Terraform",
              "Name": "plan-charge-prod-nat-gateway",
              "Owner": "NDA-Partners",
              "Project": "plan-charge"
            },
            "timeouts": null
          },
          "sensitive_attributes": [],
          "private": "eyJlMmJmYjczMC1lY2FhLTExZTYtOGY4OC0zNDM2M2JjN2M0YzAiOnsiY3JlYXRlIjo2MDAwMDAwMDAwMDAsImRlbGV0ZSI6MTgwMDAwMDAwMDAwMCwidXBkYXRlIjo2MDAwMDAwMDAwMDB9fQ==",
          "dependencies": [
            "aws_eip.nat",
            "aws_internet_gateway.main",
            "aws_subnet.public",
            "aws_vpc.main",
            "data.aws_availability_zones.available"
          ]
        }
      ]
    },
    {
      "mode": "managed",
      "type": "aws_route53_health_check",
      "name": "main",
      "provider": "provider[\"registry.terraform.io/hashicorp/aws\"]",
      "instances": [
        {
          "schema_version": 0,
          "attributes": {
            "arn": "arn:aws:route53:::healthcheck/333fc1f4-5815-4996-8954-3bf81d1baf99",
            "child_health_threshold": 0,
            "child_healthchecks": [],
            "cloudwatch_alarm_name": null,
            "cloudwatch_alarm_region": null,
            "disabled": false,
            "enable_sni": true,
            "failure_threshold": 3,
            "fqdn": "plan-de-charge.aws.nda-partners.com",
            "id": "333fc1f4-5815-4996-8954-3bf81d1baf99",
            "insufficient_data_health_status": "",
            "invert_healthcheck": false,
            "ip_address": "",
            "measure_latency": false,
            "port": 443,
            "reference_name": null,
            "regions": [],
            "request_interval": 30,
            "resource_path": "/health",
            "routing_control_arn": "",
            "search_string": "",
            "tags": {
              "Environment": "prod",
              "ManagedBy": "Terraform",
              "Name": "plan-charge-prod-health-check",
              "Owner": "NDA-Partners",
              "Project": "plan-charge"
            },
            "tags_all": {
              "Environment": "prod",
              "ManagedBy": "Terraform",
              "Name": "plan-charge-prod-health-check",
              "Owner": "NDA-Partners",
              "Project": "plan-charge"
            },
            "triggers": {},
            "type": "HTTPS"
          },
          "sensitive_attributes": [],
          "private": "bnVsbA=="
        }
      ]
    },
    {
      "mode": "managed",
      "type": "aws_route53_record",
      "name": "alb_direct",
      "provider": "provider[\"registry.terraform.io/hashicorp/aws\"]",
      "instances": [
        {
          "schema_version": 2,
          "attributes": {
            "alias": [
              {
                "evaluate_target_health": true,
                "name": "plan-charge-prod-alb-2004483215.eu-west-3.elb.amazonaws.com",
                "zone_id": "Z3Q77PNBQS71R4"
              }
            ],
            "allow_overwrite": null,
            "cidr_routing_policy": [],
            "failover_routing_policy": [],
            "fqdn": "alb.aws.nda-partners.com",
            "geolocation_routing_policy": [],
            "geoproximity_routing_policy": [],
            "health_check_id": "",
            "id": "Z03619201TLOZ0RGN61SR_alb.aws.nda-partners.com_A",
            "latency_routing_policy": [],
            "multivalue_answer_routing_policy": false,
            "name": "alb.aws.nda-partners.com",
            "records": [],
            "set_identifier": "",
            "timeouts": null,
            "ttl": 0,
            "type": "A",
            "weighted_routing_policy": [],
            "zone_id": "Z03619201TLOZ0RGN61SR"
          },
          "sensitive_attributes": [],
          "private": "eyJlMmJmYjczMC1lY2FhLTExZTYtOGY4OC0zNDM2M2JjN2M0YzAiOnsiY3JlYXRlIjoxODAwMDAwMDAwMDAwLCJkZWxldGUiOjE4MDAwMDAwMDAwMDAsInVwZGF0ZSI6MTgwMDAwMDAwMDAwMH0sInNjaGVtYV92ZXJzaW9uIjoiMiJ9",
          "dependencies": [
            "aws_lb.main",
            "aws_s3_bucket.alb_logs",
            "aws_security_group.alb",
            "aws_subnet.public",
            "aws_vpc.main",
            "data.aws_availability_zones.available",
            "data.aws_route53_zone.main",
            "random_string.bucket_suffix"
          ]
        }
      ]
    },
    {
      "mode": "managed",
      "type": "aws_route53_record",
      "name": "main",
      "provider": "provider[\"registry.terraform.io/hashicorp/aws\"]",
      "instances": [
        {
          "schema_version": 2,
          "attributes": {
            "alias": [
              {
                "evaluate_target_health": false,
                "name": "dis3qbt9ad714.cloudfront.net",
                "zone_id": "Z2FDTNDATAQYW2"
              }
            ],
            "allow_overwrite": null,
            "cidr_routing_policy": [],
            "failover_routing_policy": [],
            "fqdn": "plan-de-charge.aws.nda-partners.com",
            "geolocation_routing_policy": [],
            "geoproximity_routing_policy": [],
            "health_check_id": "",
            "id": "Z03619201TLOZ0RGN61SR_plan-de-charge.aws.nda-partners.com_A",
            "latency_routing_policy": [],
            "multivalue_answer_routing_policy": false,
            "name": "plan-de-charge.aws.nda-partners.com",
            "records": [],
            "set_identifier": "",
            "timeouts": null,
            "ttl": 0,
            "type": "A",
            "weighted_routing_policy": [],
            "zone_id": "Z03619201TLOZ0RGN61SR"
          },
          "sensitive_attributes": [],
          "private": "eyJlMmJmYjczMC1lY2FhLTExZTYtOGY4OC0zNDM2M2JjN2M0YzAiOnsiY3JlYXRlIjoxODAwMDAwMDAwMDAwLCJkZWxldGUiOjE4MDAwMDAwMDAwMDAsInVwZGF0ZSI6MTgwMDAwMDAwMDAwMH0sInNjaGVtYV92ZXJzaW9uIjoiMiJ9",
          "dependencies": [
            "aws_cloudfront_distribution.main",
            "aws_lb.main",
            "aws_s3_bucket.alb_logs",
            "aws_security_group.alb",
            "aws_subnet.public",
            "aws_vpc.main",
            "data.aws_availability_zones.available",
            "data.aws_route53_zone.main",
            "random_string.bucket_suffix"
          ]
        }
      ]
    },
    {
      "mode": "managed",
      "type": "aws_route53_record",
      "name": "main_ipv6",
      "provider": "provider[\"registry.terraform.io/hashicorp/aws\"]",
      "instances": [
        {
          "schema_version": 2,
          "attributes": {
            "alias": [
              {
                "evaluate_target_health": false,
                "name": "dis3qbt9ad714.cloudfront.net",
                "zone_id": "Z2FDTNDATAQYW2"
              }
            ],
            "allow_overwrite": null,
            "cidr_routing_policy": [],
            "failover_routing_policy": [],
            "fqdn": "plan-de-charge.aws.nda-partners.com",
            "geolocation_routing_policy": [],
            "geoproximity_routing_policy": [],
            "health_check_id": "",
            "id": "Z03619201TLOZ0RGN61SR_plan-de-charge.aws.nda-partners.com_AAAA",
            "latency_routing_policy": [],
            "multivalue_answer_routing_policy": false,
            "name": "plan-de-charge.aws.nda-partners.com",
            "records": [],
            "set_identifier": "",
            "timeouts": null,
            "ttl": 0,
            "type": "AAAA",
            "weighted_routing_policy": [],
            "zone_id": "Z03619201TLOZ0RGN61SR"
          },
          "sensitive_attributes": [],
          "private": "eyJlMmJmYjczMC1lY2FhLTExZTYtOGY4OC0zNDM2M2JjN2M0YzAiOnsiY3JlYXRlIjoxODAwMDAwMDAwMDAwLCJkZWxldGUiOjE4MDAwMDAwMDAwMDAsInVwZGF0ZSI6MTgwMDAwMDAwMDAwMH0sInNjaGVtYV92ZXJzaW9uIjoiMiJ9",
          "dependencies": [
            "aws_cloudfront_distribution.main",
            "aws_lb.main",
            "aws_s3_bucket.alb_logs",
            "aws_security_group.alb",
            "aws_subnet.public",
            "aws_vpc.main",
            "data.aws_availability_zones.available",
            "data.aws_route53_zone.main",
            "random_string.bucket_suffix"
          ]
        }
      ]
    },
    {
      "mode": "managed",
      "type": "aws_route_table",
      "name": "private",
      "provider": "provider[\"registry.terraform.io/hashicorp/aws\"]",
      "instances": [
        {
          "schema_version": 0,
          "attributes": {
            "arn": "arn:aws:ec2:eu-west-3:557937909547:route-table/rtb-09456c84ab8063417",
            "id": "rtb-09456c84ab8063417",
            "owner_id": "557937909547",
            "propagating_vgws": [],
            "route": [
              {
                "carrier_gateway_id": "",
                "cidr_block": "0.0.0.0/0",
                "core_network_arn": "",
                "destination_prefix_list_id": "",
                "egress_only_gateway_id": "",
                "gateway_id": "",
                "ipv6_cidr_block": "",
                "local_gateway_id": "",
                "nat_gateway_id": "nat-04b0ef390b699eef9",
                "network_interface_id": "",
                "transit_gateway_id": "",
                "vpc_endpoint_id": "",
                "vpc_peering_connection_id": ""
              }
            ],
            "tags": {
              "Environment": "prod",
              "ManagedBy": "Terraform",
              "Name": "plan-charge-prod-private-rt",
              "Owner": "NDA-Partners",
              "Project": "plan-charge"
            },
            "tags_all": {
              "Environment": "prod",
              "ManagedBy": "Terraform",
              "Name": "plan-charge-prod-private-rt",
              "Owner": "NDA-Partners",
              "Project": "plan-charge"
            },
            "timeouts": null,
            "vpc_id": "vpc-085d1508f580455ed"
          },
          "sensitive_attributes": [],
          "private": "eyJlMmJmYjczMC1lY2FhLTExZTYtOGY4OC0zNDM2M2JjN2M0YzAiOnsiY3JlYXRlIjozMDAwMDAwMDAwMDAsImRlbGV0ZSI6MzAwMDAwMDAwMDAwLCJ1cGRhdGUiOjEyMDAwMDAwMDAwMH19",
          "dependencies": [
            "aws_eip.nat",
            "aws_internet_gateway.main",
            "aws_nat_gateway.main",
            "aws_subnet.public",
            "aws_vpc.main",
            "data.aws_availability_zones.available"
          ]
        }
      ]
    },
    {
      "mode": "managed",
      "type": "aws_route_table",
      "name": "public",
      "provider": "provider[\"registry.terraform.io/hashicorp/aws\"]",
      "instances": [
        {
          "schema_version": 0,
          "attributes": {
            "arn": "arn:aws:ec2:eu-west-3:557937909547:route-table/rtb-0fb5c1c57b639b14a",
            "id": "rtb-0fb5c1c57b639b14a",
            "owner_id": "557937909547",
            "propagating_vgws": [],
            "route": [
              {
                "carrier_gateway_id": "",
                "cidr_block": "0.0.0.0/0",
                "core_network_arn": "",
                "destination_prefix_list_id": "",
                "egress_only_gateway_id": "",
                "gateway_id": "igw-03482a090051b31b8",
                "ipv6_cidr_block": "",
                "local_gateway_id": "",
                "nat_gateway_id": "",
                "network_interface_id": "",
                "transit_gateway_id": "",
                "vpc_endpoint_id": "",
                "vpc_peering_connection_id": ""
              }
            ],
            "tags": {
              "Environment": "prod",
              "ManagedBy": "Terraform",
              "Name": "plan-charge-prod-public-rt",
              "Owner": "NDA-Partners",
              "Project": "plan-charge"
            },
            "tags_all": {
              "Environment": "prod",
              "ManagedBy": "Terraform",
              "Name": "plan-charge-prod-public-rt",
              "Owner": "NDA-Partners",
              "Project": "plan-charge"
            },
            "timeouts": null,
            "vpc_id": "vpc-085d1508f580455ed"
          },
          "sensitive_attributes": [],
          "private": "eyJlMmJmYjczMC1lY2FhLTExZTYtOGY4OC0zNDM2M2JjN2M0YzAiOnsiY3JlYXRlIjozMDAwMDAwMDAwMDAsImRlbGV0ZSI6MzAwMDAwMDAwMDAwLCJ1cGRhdGUiOjEyMDAwMDAwMDAwMH19",
          "dependencies": [
            "aws_internet_gateway.main",
            "aws_vpc.main"
          ]
        }
      ]
    },
    {
      "mode": "managed",
      "type": "aws_route_table_association",
      "name": "private",
      "provider": "provider[\"registry.terraform.io/hashicorp/aws\"]",
      "instances": [
        {
          "index_key": 0,
          "schema_version": 0,
          "attributes": {
            "gateway_id": "",
            "id": "rtbassoc-0bec90442de8ac8cd",
            "route_table_id": "rtb-09456c84ab8063417",
            "subnet_id": "subnet-04e83c8c930637597",
            "timeouts": null
          },
          "sensitive_attributes": [],
          "private": "eyJlMmJmYjczMC1lY2FhLTExZTYtOGY4OC0zNDM2M2JjN2M0YzAiOnsiY3JlYXRlIjozMDAwMDAwMDAwMDAsImRlbGV0ZSI6MzAwMDAwMDAwMDAwLCJ1cGRhdGUiOjEyMDAwMDAwMDAwMH19",
          "dependencies": [
            "aws_eip.nat",
            "aws_internet_gateway.main",
            "aws_nat_gateway.main",
            "aws_route_table.private",
            "aws_subnet.private",
            "aws_subnet.public",
            "aws_vpc.main",
            "data.aws_availability_zones.available"
          ]
        },
        {
          "index_key": 1,
          "schema_version": 0,
          "attributes": {
            "gateway_id": "",
            "id": "rtbassoc-07a475d5e81331932",
            "route_table_id": "rtb-09456c84ab8063417",
            "subnet_id": "subnet-075ba669585873bb8",
            "timeouts": null
          },
          "sensitive_attributes": [],
          "private": "eyJlMmJmYjczMC1lY2FhLTExZTYtOGY4OC0zNDM2M2JjN2M0YzAiOnsiY3JlYXRlIjozMDAwMDAwMDAwMDAsImRlbGV0ZSI6MzAwMDAwMDAwMDAwLCJ1cGRhdGUiOjEyMDAwMDAwMDAwMH19",
          "dependencies": [
            "aws_eip.nat",
            "aws_internet_gateway.main",
            "aws_nat_gateway.main",
            "aws_route_table.private",
            "aws_subnet.private",
            "aws_subnet.public",
            "aws_vpc.main",
            "data.aws_availability_zones.available"
          ]
        }
      ]
    },
    {
      "mode": "managed",
      "type": "aws_route_table_association",
      "name": "public",
      "provider": "provider[\"registry.terraform.io/hashicorp/aws\"]",
      "instances": [
        {
          "index_key": 0,
          "schema_version": 0,
          "attributes": {
            "gateway_id": "",
            "id": "rtbassoc-0a0f3b84ce7861f00",
            "route_table_id": "rtb-0fb5c1c57b639b14a",
            "subnet_id": "subnet-031435e219eb23350",
            "timeouts": null
          },
          "sensitive_attributes": [],
          "private": "eyJlMmJmYjczMC1lY2FhLTExZTYtOGY4OC0zNDM2M2JjN2M0YzAiOnsiY3JlYXRlIjozMDAwMDAwMDAwMDAsImRlbGV0ZSI6MzAwMDAwMDAwMDAwLCJ1cGRhdGUiOjEyMDAwMDAwMDAwMH19",
          "dependencies": [
            "aws_internet_gateway.main",
            "aws_route_table.public",
            "aws_subnet.public",
            "aws_vpc.main",
            "data.aws_availability_zones.available"
          ]
        },
        {
          "index_key": 1,
          "schema_version": 0,
          "attributes": {
            "gateway_id": "",
            "id": "rtbassoc-084af69d499fc6bd0",
            "route_table_id": "rtb-0fb5c1c57b639b14a",
            "subnet_id": "subnet-0f9ff0127fc5d92b6",
            "timeouts": null
          },
          "sensitive_attributes": [],
          "private": "eyJlMmJmYjczMC1lY2FhLTExZTYtOGY4OC0zNDM2M2JjN2M0YzAiOnsiY3JlYXRlIjozMDAwMDAwMDAwMDAsImRlbGV0ZSI6MzAwMDAwMDAwMDAwLCJ1cGRhdGUiOjEyMDAwMDAwMDAwMH19",
          "dependencies": [
            "aws_internet_gateway.main",
            "aws_route_table.public",
            "aws_subnet.public",
            "aws_vpc.main",
            "data.aws_availability_zones.available"
          ]
        }
      ]
    },
    {
      "mode": "managed",
      "type": "aws_s3_bucket",
      "name": "alb_logs",
      "provider": "provider[\"registry.terraform.io/hashicorp/aws\"]",
      "instances": [
        {
          "schema_version": 0,
          "attributes": {
            "acceleration_status": "",
            "acl": null,
            "arn": "arn:aws:s3:::plan-charge-prod-alb-logs-403tac40",
            "bucket": "plan-charge-prod-alb-logs-403tac40",
            "bucket_domain_name": "plan-charge-prod-alb-logs-403tac40.s3.amazonaws.com",
            "bucket_prefix": "",
            "bucket_regional_domain_name": "plan-charge-prod-alb-logs-403tac40.s3.eu-west-3.amazonaws.com",
            "cors_rule": [],
            "force_destroy": true,
            "grant": [
              {
                "id": "edef308a641d2dc10da5a9e134629bf0e774704d09c13c16cce62e15a2c6f1b7",
                "permissions": [
                  "FULL_CONTROL"
                ],
                "type": "CanonicalUser",
                "uri": ""
              }
            ],
            "hosted_zone_id": "Z3R1K369G5AVDG",
            "id": "plan-charge-prod-alb-logs-403tac40",
            "lifecycle_rule": [
              {
                "abort_incomplete_multipart_upload_days": 0,
                "enabled": true,
                "expiration": [
                  {
                    "date": "",
                    "days": 30,
                    "expired_object_delete_marker": false
                  }
                ],
                "id": "delete_old_logs",
                "noncurrent_version_expiration": [
                  {
                    "days": 7
                  }
                ],
                "noncurrent_version_transition": [],
                "prefix": "alb-logs/",
                "tags": {},
                "transition": []
              }
            ],
            "logging": [],
            "object_lock_configuration": [],
            "object_lock_enabled": false,
            "policy": "{\"Statement\":[{\"Action\":\"s3:PutObject\",\"Effect\":\"Allow\",\"Principal\":{\"AWS\":\"arn:aws:iam::009996457667:root\"},\"Resource\":\"arn:aws:s3:::plan-charge-prod-alb-logs-403tac40/alb-logs/AWSLogs/557937909547/*\"},{\"Action\":\"s3:PutObject\",\"Condition\":{\"StringEquals\":{\"s3:x-amz-acl\":\"bucket-owner-full-control\"}},\"Effect\":\"Allow\",\"Principal\":{\"Service\":\"delivery.logs.amazonaws.com\"},\"Resource\":\"arn:aws:s3:::plan-charge-prod-alb-logs-403tac40/alb-logs/AWSLogs/557937909547/*\"},{\"Action\":\"s3:GetBucketAcl\",\"Effect\":\"Allow\",\"Principal\":{\"Service\":\"delivery.logs.amazonaws.com\"},\"Resource\":\"arn:aws:s3:::plan-charge-prod-alb-logs-403tac40\"}],\"Version\":\"2012-10-17\"}",
            "region": "eu-west-3",
            "replication_configuration": [],
            "request_payer": "BucketOwner",
            "server_side_encryption_configuration": [
              {
                "rule": [
                  {
                    "apply_server_side_encryption_by_default": [
                      {
                        "kms_master_key_id": "",
                        "sse_algorithm": "AES256"
                      }
                    ],
                    "bucket_key_enabled": false
                  }
                ]
              }
            ],
            "tags": {
              "Environment": "prod",
              "ManagedBy": "Terraform",
              "Owner": "NDA-Partners",
              "Project": "plan-charge"
            },
            "tags_all": {
              "Environment": "prod",
              "ManagedBy": "Terraform",
              "Owner": "NDA-Partners",
              "Project": "plan-charge"
            },
            "timeouts": null,
            "versioning": [
              {
                "enabled": true,
                "mfa_delete": false
              }
            ],
            "website": [],
            "website_domain": null,
            "website_endpoint": null
          },
          "sensitive_attributes": [],
          "private": "eyJlMmJmYjczMC1lY2FhLTExZTYtOGY4OC0zNDM2M2JjN2M0YzAiOnsiY3JlYXRlIjoxMjAwMDAwMDAwMDAwLCJkZWxldGUiOjM2MDAwMDAwMDAwMDAsInJlYWQiOjEyMDAwMDAwMDAwMDAsInVwZGF0ZSI6MTIwMDAwMDAwMDAwMH19",
          "dependencies": [
            "random_string.bucket_suffix"
          ]
        }
      ]
    },
    {
      "mode": "managed",
      "type": "aws_s3_bucket_lifecycle_configuration",
      "name": "alb_logs",
      "provider": "provider[\"registry.terraform.io/hashicorp/aws\"]",
      "instances": [
        {
          "schema_version": 1,
          "attributes": {
            "bucket": "plan-charge-prod-alb-logs-403tac40",
            "expected_bucket_owner": "",
            "id": "plan-charge-prod-alb-logs-403tac40",
            "rule": [
              {
                "abort_incomplete_multipart_upload": [],
                "expiration": [
                  {
                    "date": null,
                    "days": 30,
                    "expired_object_delete_marker": false
                  }
                ],
                "filter": [
                  {
                    "and": [],
                    "object_size_greater_than": null,
                    "object_size_less_than": null,
                    "prefix": "alb-logs/",
                    "tag": []
                  }
                ],
                "id": "delete_old_logs",
                "noncurrent_version_expiration": [
                  {
                    "newer_noncurrent_versions": null,
                    "noncurrent_days": 7
                  }
                ],
                "noncurrent_version_transition": [],
                "prefix": "",
                "status": "Enabled",
                "transition": []
              }
            ],
            "timeouts": null,
            "transition_default_minimum_object_size": "all_storage_classes_128K"
          },
          "sensitive_attributes": [],
          "dependencies": [
            "aws_s3_bucket.alb_logs",
            "random_string.bucket_suffix"
          ]
        }
      ]
    },
    {
      "mode": "managed",
      "type": "aws_s3_bucket_policy",
      "name": "alb_logs",
      "provider": "provider[\"registry.terraform.io/hashicorp/aws\"]",
      "instances": [
        {
          "schema_version": 0,
          "attributes": {
            "bucket": "plan-charge-prod-alb-logs-403tac40",
            "id": "plan-charge-prod-alb-logs-403tac40",
            "policy": "{\"Statement\":[{\"Action\":\"s3:PutObject\",\"Effect\":\"Allow\",\"Principal\":{\"AWS\":\"arn:aws:iam::009996457667:root\"},\"Resource\":\"arn:aws:s3:::plan-charge-prod-alb-logs-403tac40/alb-logs/AWSLogs/557937909547/*\"},{\"Action\":\"s3:PutObject\",\"Condition\":{\"StringEquals\":{\"s3:x-amz-acl\":\"bucket-owner-full-control\"}},\"Effect\":\"Allow\",\"Principal\":{\"Service\":\"delivery.logs.amazonaws.com\"},\"Resource\":\"arn:aws:s3:::plan-charge-prod-alb-logs-403tac40/alb-logs/AWSLogs/557937909547/*\"},{\"Action\":\"s3:GetBucketAcl\",\"Effect\":\"Allow\",\"Principal\":{\"Service\":\"delivery.logs.amazonaws.com\"},\"Resource\":\"arn:aws:s3:::plan-charge-prod-alb-logs-403tac40\"}],\"Version\":\"2012-10-17\"}"
          },
          "sensitive_attributes": [],
          "private": "bnVsbA==",
          "dependencies": [
            "aws_s3_bucket.alb_logs",
            "data.aws_caller_identity.current",
            "random_string.bucket_suffix"
          ]
        }
      ]
    },
    {
      "mode": "managed",
      "type": "aws_s3_bucket_server_side_encryption_configuration",
      "name": "alb_logs",
      "provider": "provider[\"registry.terraform.io/hashicorp/aws\"]",
      "instances": [
        {
          "schema_version": 0,
          "attributes": {
            "bucket": "plan-charge-prod-alb-logs-403tac40",
            "expected_bucket_owner": "",
            "id": "plan-charge-prod-alb-logs-403tac40",
            "rule": [
              {
                "apply_server_side_encryption_by_default": [
                  {
                    "kms_master_key_id": "",
                    "sse_algorithm": "AES256"
                  }
                ],
                "bucket_key_enabled": false
              }
            ]
          },
          "sensitive_attributes": [],
          "private": "bnVsbA==",
          "dependencies": [
            "aws_s3_bucket.alb_logs",
            "random_string.bucket_suffix"
          ]
        }
      ]
    },
    {
      "mode": "managed",
      "type": "aws_s3_bucket_versioning",
      "name": "alb_logs",
      "provider": "provider[\"registry.terraform.io/hashicorp/aws\"]",
      "instances": [
        {
          "schema_version": 0,
          "attributes": {
            "bucket": "plan-charge-prod-alb-logs-403tac40",
            "expected_bucket_owner": "",
            "id": "plan-charge-prod-alb-logs-403tac40",
            "mfa": null,
            "versioning_configuration": [
              {
                "mfa_delete": "",
                "status": "Enabled"
              }
            ]
          },
          "sensitive_attributes": [],
          "private": "bnVsbA==",
          "dependencies": [
            "aws_s3_bucket.alb_logs",
            "random_string.bucket_suffix"
          ]
        }
      ]
    },
    {
      "mode": "managed",
      "type": "aws_security_group",
      "name": "alb",
      "provider": "provider[\"registry.terraform.io/hashicorp/aws\"]",
      "instances": [
        {
          "schema_version": 1,
          "attributes": {
            "arn": "arn:aws:ec2:eu-west-3:557937909547:security-group/sg-0ca82e9b6ee900305",
            "description": "Managed by Terraform",
            "egress": [
              {
                "cidr_blocks": [
                  "0.0.0.0/0"
                ],
                "description": "",
                "from_port": 0,
                "ipv6_cidr_blocks": [],
                "prefix_list_ids": [],
                "protocol": "-1",
                "security_groups": [],
                "self": false,
                "to_port": 0
              }
            ],
            "id": "sg-0ca82e9b6ee900305",
            "ingress": [
              {
                "cidr_blocks": [
                  "0.0.0.0/0"
                ],
                "description": "HTTP",
                "from_port": 80,
                "ipv6_cidr_blocks": [],
                "prefix_list_ids": [],
                "protocol": "tcp",
                "security_groups": [],
                "self": false,
                "to_port": 80
              },
              {
                "cidr_blocks": [
                  "0.0.0.0/0"
                ],
                "description": "HTTPS",
                "from_port": 443,
                "ipv6_cidr_blocks": [],
                "prefix_list_ids": [],
                "protocol": "tcp",
                "security_groups": [],
                "self": false,
                "to_port": 443
              }
            ],
            "name": "plan-charge-prod-alb-20250815200938393100000004",
            "name_prefix": "plan-charge-prod-alb-",
            "owner_id": "557937909547",
            "revoke_rules_on_delete": false,
            "tags": {
              "Environment": "prod",
              "ManagedBy": "Terraform",
              "Name": "plan-charge-prod-alb-sg",
              "Owner": "NDA-Partners",
              "Project": "plan-charge"
            },
            "tags_all": {
              "Environment": "prod",
              "ManagedBy": "Terraform",
              "Name": "plan-charge-prod-alb-sg",
              "Owner": "NDA-Partners",
              "Project": "plan-charge"
            },
            "timeouts": null,
            "vpc_id": "vpc-085d1508f580455ed"
          },
          "sensitive_attributes": [],
          "private": "eyJlMmJmYjczMC1lY2FhLTExZTYtOGY4OC0zNDM2M2JjN2M0YzAiOnsiY3JlYXRlIjo2MDAwMDAwMDAwMDAsImRlbGV0ZSI6OTAwMDAwMDAwMDAwfSwic2NoZW1hX3ZlcnNpb24iOiIxIn0=",
          "dependencies": [
            "aws_vpc.main"
          ],
          "create_before_destroy": true
        }
      ]
    },
    {
      "mode": "managed",
      "type": "aws_security_group",
      "name": "ecs_tasks",
      "provider": "provider[\"registry.terraform.io/hashicorp/aws\"]",
      "instances": [
        {
          "schema_version": 1,
          "attributes": {
            "arn": "arn:aws:ec2:eu-west-3:557937909547:security-group/sg-0a6cd0e7920726c46",
            "description": "Managed by Terraform",
            "egress": [
              {
                "cidr_blocks": [
                  "0.0.0.0/0"
                ],
                "description": "",
                "from_port": 0,
                "ipv6_cidr_blocks": [],
                "prefix_list_ids": [],
                "protocol": "-1",
                "security_groups": [],
                "self": false,
                "to_port": 0
              }
            ],
            "id": "sg-0a6cd0e7920726c46",
            "ingress": [
              {
                "cidr_blocks": [],
                "description": "Backend API from ALB",
                "from_port": 8000,
                "ipv6_cidr_blocks": [],
                "prefix_list_ids": [],
                "protocol": "tcp",
                "security_groups": [
                  "sg-0ca82e9b6ee900305"
                ],
                "self": false,
                "to_port": 8000
              },
              {
                "cidr_blocks": [],
                "description": "HTTP from ALB",
                "from_port": 80,
                "ipv6_cidr_blocks": [],
                "prefix_list_ids": [],
                "protocol": "tcp",
                "security_groups": [
                  "sg-0ca82e9b6ee900305"
                ],
                "self": false,
                "to_port": 80
              }
            ],
            "name": "plan-charge-prod-ecs-tasks-20250815200941540800000006",
            "name_prefix": "plan-charge-prod-ecs-tasks-",
            "owner_id": "557937909547",
            "revoke_rules_on_delete": false,
            "tags": {
              "Environment": "prod",
              "ManagedBy": "Terraform",
              "Name": "plan-charge-prod-ecs-tasks-sg",
              "Owner": "NDA-Partners",
              "Project": "plan-charge"
            },
            "tags_all": {
              "Environment": "prod",
              "ManagedBy": "Terraform",
              "Name": "plan-charge-prod-ecs-tasks-sg",
              "Owner": "NDA-Partners",
              "Project": "plan-charge"
            },
            "timeouts": null,
            "vpc_id": "vpc-085d1508f580455ed"
          },
          "sensitive_attributes": [],
          "private": "eyJlMmJmYjczMC1lY2FhLTExZTYtOGY4OC0zNDM2M2JjN2M0YzAiOnsiY3JlYXRlIjo2MDAwMDAwMDAwMDAsImRlbGV0ZSI6OTAwMDAwMDAwMDAwfSwic2NoZW1hX3ZlcnNpb24iOiIxIn0=",
          "dependencies": [
            "aws_security_group.alb",
            "aws_vpc.main"
          ],
          "create_before_destroy": true
        }
      ]
    },
    {
      "mode": "managed",
      "type": "aws_security_group",
      "name": "rds",
      "provider": "provider[\"registry.terraform.io/hashicorp/aws\"]",
      "instances": [
        {
          "schema_version": 1,
          "attributes": {
            "arn": "arn:aws:ec2:eu-west-3:557937909547:security-group/sg-0328e94304e553c61",
            "description": "Managed by Terraform",
            "egress": [
              {
                "cidr_blocks": [
                  "0.0.0.0/0"
                ],
                "description": "",
                "from_port": 0,
                "ipv6_cidr_blocks": [],
                "prefix_list_ids": [],
                "protocol": "-1",
                "security_groups": [],
                "self": false,
                "to_port": 0
              }
            ],
            "id": "sg-0328e94304e553c61",
            "ingress": [
              {
                "cidr_blocks": [],
                "description": "PostgreSQL from ECS",
                "from_port": 5432,
                "ipv6_cidr_blocks": [],
                "prefix_list_ids": [],
                "protocol": "tcp",
                "security_groups": [
                  "sg-0a6cd0e7920726c46"
                ],
                "self": false,
                "to_port": 5432
              }
            ],
            "name": "plan-charge-prod-rds-20250815200944304700000008",
            "name_prefix": "plan-charge-prod-rds-",
            "owner_id": "557937909547",
            "revoke_rules_on_delete": false,
            "tags": {
              "Environment": "prod",
              "ManagedBy": "Terraform",
              "Name": "plan-charge-prod-rds-sg",
              "Owner": "NDA-Partners",
              "Project": "plan-charge"
            },
            "tags_all": {
              "Environment": "prod",
              "ManagedBy": "Terraform",
              "Name": "plan-charge-prod-rds-sg",
              "Owner": "NDA-Partners",
              "Project": "plan-charge"
            },
            "timeouts": null,
            "vpc_id": "vpc-085d1508f580455ed"
          },
          "sensitive_attributes": [],
          "private": "eyJlMmJmYjczMC1lY2FhLTExZTYtOGY4OC0zNDM2M2JjN2M0YzAiOnsiY3JlYXRlIjo2MDAwMDAwMDAwMDAsImRlbGV0ZSI6OTAwMDAwMDAwMDAwfSwic2NoZW1hX3ZlcnNpb24iOiIxIn0=",
          "dependencies": [
            "aws_security_group.alb",
            "aws_security_group.ecs_tasks",
            "aws_vpc.main"
          ],
          "create_before_destroy": true
        }
      ]
    },
    {
      "mode": "managed",
      "type": "aws_security_group",
      "name": "redis",
      "provider": "provider[\"registry.terraform.io/hashicorp/aws\"]",
      "instances": [
        {
          "schema_version": 1,
          "attributes": {
            "arn": "arn:aws:ec2:eu-west-3:557937909547:security-group/sg-060e2b425add84ef4",
            "description": "Managed by Terraform",
            "egress": [],
            "id": "sg-060e2b425add84ef4",
            "ingress": [
              {
                "cidr_blocks": [],
                "description": "Redis from ECS",
                "from_port": 6379,
                "ipv6_cidr_blocks": [],
                "prefix_list_ids": [],
                "protocol": "tcp",
                "security_groups": [
                  "sg-0a6cd0e7920726c46"
                ],
                "self": false,
                "to_port": 6379
              }
            ],
            "name": "plan-charge-prod-redis-20250815200944304400000007",
            "name_prefix": "plan-charge-prod-redis-",
            "owner_id": "557937909547",
            "revoke_rules_on_delete": false,
            "tags": {
              "Environment": "prod",
              "ManagedBy": "Terraform",
              "Name": "plan-charge-prod-redis-sg",
              "Owner": "NDA-Partners",
              "Project": "plan-charge"
            },
            "tags_all": {
              "Environment": "prod",
              "ManagedBy": "Terraform",
              "Name": "plan-charge-prod-redis-sg",
              "Owner": "NDA-Partners",
              "Project": "plan-charge"
            },
            "timeouts": null,
            "vpc_id": "vpc-085d1508f580455ed"
          },
          "sensitive_attributes": [],
          "private": "eyJlMmJmYjczMC1lY2FhLTExZTYtOGY4OC0zNDM2M2JjN2M0YzAiOnsiY3JlYXRlIjo2MDAwMDAwMDAwMDAsImRlbGV0ZSI6OTAwMDAwMDAwMDAwfSwic2NoZW1hX3ZlcnNpb24iOiIxIn0=",
          "dependencies": [
            "aws_security_group.alb",
            "aws_security_group.ecs_tasks",
            "aws_vpc.main"
          ],
          "create_before_destroy": true
        }
      ]
    },
    {
      "mode": "managed",
      "type": "aws_ssm_parameter",
      "name": "app_name",
      "provider": "provider[\"registry.terraform.io/hashicorp/aws\"]",
      "instances": [
        {
          "schema_version": 0,
          "attributes": {
            "allowed_pattern": "",
            "arn": "arn:aws:ssm:eu-west-3:557937909547:parameter/plan-charge/prod/app-name",
            "data_type": "text",
            "description": "",
            "has_value_wo": null,
            "id": "/plan-charge/prod/app-name",
            "insecure_value": null,
            "key_id": "",
            "name": "/plan-charge/prod/app-name",
            "overwrite": null,
            "tags": {
              "Environment": "prod",
              "ManagedBy": "Terraform",
              "Name": "plan-charge-prod-app-name",
              "Owner": "NDA-Partners",
              "Project": "plan-charge"
            },
            "tags_all": {
              "Environment": "prod",
              "ManagedBy": "Terraform",
              "Name": "plan-charge-prod-app-name",
              "Owner": "NDA-Partners",
              "Project": "plan-charge"
            },
            "tier": "Standard",
            "type": "String",
            "value": "Plan Charge",
            "value_wo": null,
            "value_wo_version": null,
            "version": 1
          },
          "sensitive_attributes": [],
          "private": "bnVsbA=="
        }
      ]
    },
    {
      "mode": "managed",
      "type": "aws_ssm_parameter",
      "name": "app_url",
      "provider": "provider[\"registry.terraform.io/hashicorp/aws\"]",
      "instances": [
        {
          "schema_version": 0,
          "attributes": {
            "allowed_pattern": "",
            "arn": "arn:aws:ssm:eu-west-3:557937909547:parameter/plan-charge/prod/app-url",
            "data_type": "text",
            "description": "",
            "has_value_wo": null,
            "id": "/plan-charge/prod/app-url",
            "insecure_value": null,
            "key_id": "",
            "name": "/plan-charge/prod/app-url",
            "overwrite": null,
            "tags": {
              "Environment": "prod",
              "ManagedBy": "Terraform",
              "Name": "plan-charge-prod-app-url",
              "Owner": "NDA-Partners",
              "Project": "plan-charge"
            },
            "tags_all": {
              "Environment": "prod",
              "ManagedBy": "Terraform",
              "Name": "plan-charge-prod-app-url",
              "Owner": "NDA-Partners",
              "Project": "plan-charge"
            },
            "tier": "Standard",
            "type": "String",
            "value": "https://plan-de-charge.aws.nda-partners.com",
            "value_wo": null,
            "value_wo_version": null,
            "version": 1
          },
          "sensitive_attributes": [],
          "private": "bnVsbA=="
        }
      ]
    },
    {
      "mode": "managed",
      "type": "aws_ssm_parameter",
      "name": "azure_client_id",
      "provider": "provider[\"registry.terraform.io/hashicorp/aws\"]",
      "instances": [
        {
          "schema_version": 0,
          "attributes": {
            "allowed_pattern": "",
            "arn": "arn:aws:ssm:eu-west-3:557937909547:parameter/plan-charge/prod/azure-client-id",
            "data_type": "text",
            "description": "",
            "has_value_wo": null,
            "id": "/plan-charge/prod/azure-client-id",
            "insecure_value": null,
            "key_id": "",
            "name": "/plan-charge/prod/azure-client-id",
            "overwrite": null,
            "tags": {
              "Environment": "prod",
              "ManagedBy": "Terraform",
              "Name": "plan-charge-prod-azure-client-id",
              "Owner": "NDA-Partners",
              "Project": "plan-charge"
            },
            "tags_all": {
              "Environment": "prod",
              "ManagedBy": "Terraform",
              "Name": "plan-charge-prod-azure-client-id",
              "Owner": "NDA-Partners",
              "Project": "plan-charge"
            },
            "tier": "Standard",
            "type": "String",
            "value": "placeholder-client-id",
            "value_wo": null,
            "value_wo_version": null,
            "version": 1
          },
          "sensitive_attributes": [],
          "private": "bnVsbA=="
        }
      ]
    },
    {
      "mode": "managed",
      "type": "aws_ssm_parameter",
      "name": "azure_client_secret",
      "provider": "provider[\"registry.terraform.io/hashicorp/aws\"]",
      "instances": [
        {
          "schema_version": 0,
          "attributes": {
            "allowed_pattern": "",
            "arn": "arn:aws:ssm:eu-west-3:557937909547:parameter/plan-charge/prod/azure-client-secret",
            "data_type": "text",
            "description": "",
            "has_value_wo": null,
            "id": "/plan-charge/prod/azure-client-secret",
            "insecure_value": null,
            "key_id": "alias/aws/ssm",
            "name": "/plan-charge/prod/azure-client-secret",
            "overwrite": null,
            "tags": {
              "Environment": "prod",
              "ManagedBy": "Terraform",
              "Name": "plan-charge-prod-azure-client-secret",
              "Owner": "NDA-Partners",
              "Project": "plan-charge"
            },
            "tags_all": {
              "Environment": "prod",
              "ManagedBy": "Terraform",
              "Name": "plan-charge-prod-azure-client-secret",
              "Owner": "NDA-Partners",
              "Project": "plan-charge"
            },
            "tier": "Standard",
            "type": "SecureString",
            "value": "placeholder-client-secret",
            "value_wo": null,
            "value_wo_version": null,
            "version": 1
          },
          "sensitive_attributes": [],
          "private": "bnVsbA=="
        }
      ]
    },
    {
      "mode": "managed",
      "type": "aws_ssm_parameter",
      "name": "azure_redirect_uri",
      "provider": "provider[\"registry.terraform.io/hashicorp/aws\"]",
      "instances": [
        {
          "schema_version": 0,
          "attributes": {
            "allowed_pattern": "",
            "arn": "arn:aws:ssm:eu-west-3:557937909547:parameter/plan-charge/prod/azure-redirect-uri",
            "data_type": "text",
            "description": "",
            "has_value_wo": null,
            "id": "/plan-charge/prod/azure-redirect-uri",
            "insecure_value": null,
            "key_id": "",
            "name": "/plan-charge/prod/azure-redirect-uri",
            "overwrite": null,
            "tags": {
              "Environment": "prod",
              "ManagedBy": "Terraform",
              "Name": "plan-charge-prod-azure-redirect-uri",
              "Owner": "NDA-Partners",
              "Project": "plan-charge"
            },
            "tags_all": {
              "Environment": "prod",
              "ManagedBy": "Terraform",
              "Name": "plan-charge-prod-azure-redirect-uri",
              "Owner": "NDA-Partners",
              "Project": "plan-charge"
            },
            "tier": "Standard",
            "type": "String",
            "value": "https://plan-de-charge.aws.nda-partners.com/auth/callback",
            "value_wo": null,
            "value_wo_version": null,
            "version": 1
          },
          "sensitive_attributes": [],
          "private": "bnVsbA=="
        }
      ]
    },
    {
      "mode": "managed",
      "type": "aws_ssm_parameter",
      "name": "azure_tenant_id",
      "provider": "provider[\"registry.terraform.io/hashicorp/aws\"]",
      "instances": [
        {
          "schema_version": 0,
          "attributes": {
            "allowed_pattern": "",
            "arn": "arn:aws:ssm:eu-west-3:557937909547:parameter/plan-charge/prod/azure-tenant-id",
            "data_type": "text",
            "description": "",
            "has_value_wo": null,
            "id": "/plan-charge/prod/azure-tenant-id",
            "insecure_value": null,
            "key_id": "",
            "name": "/plan-charge/prod/azure-tenant-id",
            "overwrite": null,
            "tags": {
              "Environment": "prod",
              "ManagedBy": "Terraform",
              "Name": "plan-charge-prod-azure-tenant-id",
              "Owner": "NDA-Partners",
              "Project": "plan-charge"
            },
            "tags_all": {
              "Environment": "prod",
              "ManagedBy": "Terraform",
              "Name": "plan-charge-prod-azure-tenant-id",
              "Owner": "NDA-Partners",
              "Project": "plan-charge"
            },
            "tier": "Standard",
            "type": "String",
            "value": "placeholder-tenant-id",
            "value_wo": null,
            "value_wo_version": null,
            "version": 1
          },
          "sensitive_attributes": [],
          "private": "bnVsbA=="
        }
      ]
    },
    {
      "mode": "managed",
      "type": "aws_ssm_parameter",
      "name": "celery_broker_url",
      "provider": "provider[\"registry.terraform.io/hashicorp/aws\"]",
      "instances": [
        {
          "schema_version": 0,
          "attributes": {
            "allowed_pattern": "",
            "arn": "arn:aws:ssm:eu-west-3:557937909547:parameter/plan-charge/prod/celery-broker-url",
            "data_type": "text",
            "description": "",
            "has_value_wo": null,
            "id": "/plan-charge/prod/celery-broker-url",
            "insecure_value": null,
            "key_id": "",
            "name": "/plan-charge/prod/celery-broker-url",
            "overwrite": null,
            "tags": {
              "Environment": "prod",
              "ManagedBy": "Terraform",
              "Name": "plan-charge-prod-celery-broker-url",
              "Owner": "NDA-Partners",
              "Project": "plan-charge"
            },
            "tags_all": {
              "Environment": "prod",
              "ManagedBy": "Terraform",
              "Name": "plan-charge-prod-celery-broker-url",
              "Owner": "NDA-Partners",
              "Project": "plan-charge"
            },
            "tier": "Standard",
            "type": "String",
            "value": "redis://plan-charge-prod-redis.apow54.0001.euw3.cache.amazonaws.com:6379/0",
            "value_wo": null,
            "value_wo_version": null,
            "version": 1
          },
          "sensitive_attributes": [],
          "private": "bnVsbA==",
          "dependencies": [
            "aws_cloudwatch_log_group.redis_slow",
            "aws_elasticache_cluster.redis",
            "aws_elasticache_parameter_group.redis",
            "aws_elasticache_subnet_group.redis",
            "aws_security_group.alb",
            "aws_security_group.ecs_tasks",
            "aws_security_group.redis",
            "aws_subnet.private",
            "aws_vpc.main",
            "data.aws_availability_zones.available"
          ]
        }
      ]
    },
    {
      "mode": "managed",
      "type": "aws_ssm_parameter",
      "name": "celery_result_backend",
      "provider": "provider[\"registry.terraform.io/hashicorp/aws\"]",
      "instances": [
        {
          "schema_version": 0,
          "attributes": {
            "allowed_pattern": "",
            "arn": "arn:aws:ssm:eu-west-3:557937909547:parameter/plan-charge/prod/celery-result-backend",
            "data_type": "text",
            "description": "",
            "has_value_wo": null,
            "id": "/plan-charge/prod/celery-result-backend",
            "insecure_value": null,
            "key_id": "",
            "name": "/plan-charge/prod/celery-result-backend",
            "overwrite": null,
            "tags": {
              "Environment": "prod",
              "ManagedBy": "Terraform",
              "Name": "plan-charge-prod-celery-result-backend",
              "Owner": "NDA-Partners",
              "Project": "plan-charge"
            },
            "tags_all": {
              "Environment": "prod",
              "ManagedBy": "Terraform",
              "Name": "plan-charge-prod-celery-result-backend",
              "Owner": "NDA-Partners",
              "Project": "plan-charge"
            },
            "tier": "Standard",
            "type": "String",
            "value": "redis://plan-charge-prod-redis.apow54.0001.euw3.cache.amazonaws.com:6379/0",
            "value_wo": null,
            "value_wo_version": null,
            "version": 1
          },
          "sensitive_attributes": [],
          "private": "bnVsbA==",
          "dependencies": [
            "aws_cloudwatch_log_group.redis_slow",
            "aws_elasticache_cluster.redis",
            "aws_elasticache_parameter_group.redis",
            "aws_elasticache_subnet_group.redis",
            "aws_security_group.alb",
            "aws_security_group.ecs_tasks",
            "aws_security_group.redis",
            "aws_subnet.private",
            "aws_vpc.main",
            "data.aws_availability_zones.available"
          ]
        }
      ]
    },
    {
      "mode": "managed",
      "type": "aws_ssm_parameter",
      "name": "database_url",
      "provider": "provider[\"registry.terraform.io/hashicorp/aws\"]",
      "instances": [
        {
          "schema_version": 0,
          "attributes": {
            "allowed_pattern": "",
            "arn": "arn:aws:ssm:eu-west-3:557937909547:parameter/plan-charge/prod/database-url",
            "data_type": "text",
            "description": "",
            "has_value_wo": null,
            "id": "/plan-charge/prod/database-url",
            "insecure_value": null,
            "key_id": "alias/aws/ssm",
            "name": "/plan-charge/prod/database-url",
            "overwrite": null,
            "tags": {
              "Environment": "prod",
              "ManagedBy": "Terraform",
              "Name": "plan-charge-prod-database-url",
              "Owner": "NDA-Partners",
              "Project": "plan-charge"
            },
            "tags_all": {
              "Environment": "prod",
              "ManagedBy": "Terraform",
              "Name": "plan-charge-prod-database-url",
              "Owner": "NDA-Partners",
              "Project": "plan-charge"
            },
            "tier": "Standard",
            "type": "SecureString",
            "value": "postgresql+asyncpg://plancharge:4Se\u003cvRRq5KF9r)ms@plan-charge-prod-db.cm296zxv9y8r.eu-west-3.rds.amazonaws.com:5432/plancharge",
            "value_wo": null,
            "value_wo_version": null,
            "version": 1
          },
          "sensitive_attributes": [
            [
              {
                "type": "get_attr",
                "value": "value"
              }
            ]
          ],
          "private": "bnVsbA==",
          "dependencies": [
            "aws_db_instance.main",
            "aws_db_parameter_group.main",
            "aws_db_subnet_group.main",
            "aws_iam_role.rds_monitoring",
            "aws_security_group.alb",
            "aws_security_group.ecs_tasks",
            "aws_security_group.rds",
            "aws_subnet.private",
            "aws_vpc.main",
            "data.aws_availability_zones.available",
            "random_password.db_password"
          ]
        }
      ]
    },
    {
      "mode": "managed",
      "type": "aws_ssm_parameter",
      "name": "db_password",
      "provider": "provider[\"registry.terraform.io/hashicorp/aws\"]",
      "instances": [
        {
          "schema_version": 0,
          "attributes": {
            "allowed_pattern": "",
            "arn": "arn:aws:ssm:eu-west-3:557937909547:parameter/plan-charge/prod/db-password",
            "data_type": "text",
            "description": "",
            "has_value_wo": null,
            "id": "/plan-charge/prod/db-password",
            "insecure_value": null,
            "key_id": "alias/aws/ssm",
            "name": "/plan-charge/prod/db-password",
            "overwrite": null,
            "tags": {
              "Environment": "prod",
              "ManagedBy": "Terraform",
              "Name": "plan-charge-prod-db-password",
              "Owner": "NDA-Partners",
              "Project": "plan-charge"
            },
            "tags_all": {
              "Environment": "prod",
              "ManagedBy": "Terraform",
              "Name": "plan-charge-prod-db-password",
              "Owner": "NDA-Partners",
              "Project": "plan-charge"
            },
            "tier": "Standard",
            "type": "SecureString",
            "value": "4Se\u003cvRRq5KF9r)ms",
            "value_wo": null,
            "value_wo_version": null,
            "version": 1
          },
          "sensitive_attributes": [
            [
              {
                "type": "get_attr",
                "value": "value"
              }
            ]
          ],
          "private": "bnVsbA==",
          "dependencies": [
            "random_password.db_password"
          ]
        }
      ]
    },
    {
      "mode": "managed",
      "type": "aws_ssm_parameter",
      "name": "feature_sso",
      "provider": "provider[\"registry.terraform.io/hashicorp/aws\"]",
      "instances": [
        {
          "schema_version": 0,
          "attributes": {
            "allowed_pattern": "",
            "arn": "arn:aws:ssm:eu-west-3:557937909547:parameter/plan-charge/prod/feature-sso",
            "data_type": "text",
            "description": "",
            "has_value_wo": null,
            "id": "/plan-charge/prod/feature-sso",
            "insecure_value": null,
            "key_id": "",
            "name": "/plan-charge/prod/feature-sso",
            "overwrite": null,
            "tags": {
              "Environment": "prod",
              "ManagedBy": "Terraform",
              "Name": "plan-charge-prod-feature-sso",
              "Owner": "NDA-Partners",
              "Project": "plan-charge"
            },
            "tags_all": {
              "Environment": "prod",
              "ManagedBy": "Terraform",
              "Name": "plan-charge-prod-feature-sso",
              "Owner": "NDA-Partners",
              "Project": "plan-charge"
            },
            "tier": "Standard",
            "type": "String",
            "value": "true",
            "value_wo": null,
            "value_wo_version": null,
            "version": 1
          },
          "sensitive_attributes": [],
          "private": "bnVsbA=="
        }
      ]
    },
    {
      "mode": "managed",
      "type": "aws_ssm_parameter",
      "name": "gryzzly_api_key",
      "provider": "provider[\"registry.terraform.io/hashicorp/aws\"]",
      "instances": [
        {
          "schema_version": 0,
          "attributes": {
            "allowed_pattern": "",
            "arn": "arn:aws:ssm:eu-west-3:557937909547:parameter/plan-charge/prod/gryzzly-api-key",
            "data_type": "text",
            "description": "",
            "has_value_wo": null,
            "id": "/plan-charge/prod/gryzzly-api-key",
            "insecure_value": null,
            "key_id": "alias/aws/ssm",
            "name": "/plan-charge/prod/gryzzly-api-key",
            "overwrite": null,
            "tags": {
              "Environment": "prod",
              "ManagedBy": "Terraform",
              "Name": "plan-charge-prod-gryzzly-api-key",
              "Owner": "NDA-Partners",
              "Project": "plan-charge"
            },
            "tags_all": {
              "Environment": "prod",
              "ManagedBy": "Terraform",
              "Name": "plan-charge-prod-gryzzly-api-key",
              "Owner": "NDA-Partners",
              "Project": "plan-charge"
            },
            "tier": "Standard",
            "type": "SecureString",
            "value": "placeholder-gryzzly-key",
            "value_wo": null,
            "value_wo_version": null,
            "version": 1
          },
          "sensitive_attributes": [],
          "private": "bnVsbA=="
        }
      ]
    },
    {
      "mode": "managed",
      "type": "aws_ssm_parameter",
      "name": "gryzzly_api_url",
      "provider": "provider[\"registry.terraform.io/hashicorp/aws\"]",
      "instances": [
        {
          "schema_version": 0,
          "attributes": {
            "allowed_pattern": "",
            "arn": "arn:aws:ssm:eu-west-3:557937909547:parameter/plan-charge/prod/gryzzly-api-url",
            "data_type": "text",
            "description": "",
            "has_value_wo": null,
            "id": "/plan-charge/prod/gryzzly-api-url",
            "insecure_value": null,
            "key_id": "",
            "name": "/plan-charge/prod/gryzzly-api-url",
            "overwrite": null,
            "tags": {
              "Environment": "prod",
              "ManagedBy": "Terraform",
              "Name": "plan-charge-prod-gryzzly-api-url",
              "Owner": "NDA-Partners",
              "Project": "plan-charge"
            },
            "tags_all": {
              "Environment": "prod",
              "ManagedBy": "Terraform",
              "Name": "plan-charge-prod-gryzzly-api-url",
              "Owner": "NDA-Partners",
              "Project": "plan-charge"
            },
            "tier": "Standard",
            "type": "String",
            "value": "https://api.gryzzly.io/v1",
            "value_wo": null,
            "value_wo_version": null,
            "version": 1
          },
          "sensitive_attributes": [],
          "private": "bnVsbA=="
        }
      ]
    },
    {
      "mode": "managed",
      "type": "aws_ssm_parameter",
      "name": "jwt_secret",
      "provider": "provider[\"registry.terraform.io/hashicorp/aws\"]",
      "instances": [
        {
          "schema_version": 0,
          "attributes": {
            "allowed_pattern": "",
            "arn": "arn:aws:ssm:eu-west-3:557937909547:parameter/plan-charge/prod/jwt-secret",
            "data_type": "text",
            "description": "",
            "has_value_wo": null,
            "id": "/plan-charge/prod/jwt-secret",
            "insecure_value": null,
            "key_id": "alias/aws/ssm",
            "name": "/plan-charge/prod/jwt-secret",
            "overwrite": null,
            "tags": {
              "Environment": "prod",
              "ManagedBy": "Terraform",
              "Name": "plan-charge-prod-jwt-secret",
              "Owner": "NDA-Partners",
              "Project": "plan-charge"
            },
            "tags_all": {
              "Environment": "prod",
              "ManagedBy": "Terraform",
              "Name": "plan-charge-prod-jwt-secret",
              "Owner": "NDA-Partners",
              "Project": "plan-charge"
            },
            "tier": "Standard",
            "type": "SecureString",
            "value": "Pz=BTuVVM\u00262vr}@FN*olcF-2l9i}ek%o",
            "value_wo": null,
            "value_wo_version": null,
            "version": 1
          },
          "sensitive_attributes": [
            [
              {
                "type": "get_attr",
                "value": "value"
              }
            ]
          ],
          "private": "bnVsbA==",
          "dependencies": [
            "random_password.jwt_secret"
          ]
        }
      ]
    },
    {
      "mode": "managed",
      "type": "aws_ssm_parameter",
      "name": "payfit_api_key",
      "provider": "provider[\"registry.terraform.io/hashicorp/aws\"]",
      "instances": [
        {
          "schema_version": 0,
          "attributes": {
            "allowed_pattern": "",
            "arn": "arn:aws:ssm:eu-west-3:557937909547:parameter/plan-charge/prod/payfit-api-key",
            "data_type": "text",
            "description": "",
            "has_value_wo": null,
            "id": "/plan-charge/prod/payfit-api-key",
            "insecure_value": null,
            "key_id": "alias/aws/ssm",
            "name": "/plan-charge/prod/payfit-api-key",
            "overwrite": null,
            "tags": {
              "Environment": "prod",
              "ManagedBy": "Terraform",
              "Name": "plan-charge-prod-payfit-api-key",
              "Owner": "NDA-Partners",
              "Project": "plan-charge"
            },
            "tags_all": {
              "Environment": "prod",
              "ManagedBy": "Terraform",
              "Name": "plan-charge-prod-payfit-api-key",
              "Owner": "NDA-Partners",
              "Project": "plan-charge"
            },
            "tier": "Standard",
            "type": "SecureString",
            "value": "placeholder-payfit-key",
            "value_wo": null,
            "value_wo_version": null,
            "version": 1
          },
          "sensitive_attributes": [],
          "private": "bnVsbA=="
        }
      ]
    },
    {
      "mode": "managed",
      "type": "aws_ssm_parameter",
      "name": "payfit_api_url",
      "provider": "provider[\"registry.terraform.io/hashicorp/aws\"]",
      "instances": [
        {
          "schema_version": 0,
          "attributes": {
            "allowed_pattern": "",
            "arn": "arn:aws:ssm:eu-west-3:557937909547:parameter/plan-charge/prod/payfit-api-url",
            "data_type": "text",
            "description": "",
            "has_value_wo": null,
            "id": "/plan-charge/prod/payfit-api-url",
            "insecure_value": null,
            "key_id": "",
            "name": "/plan-charge/prod/payfit-api-url",
            "overwrite": null,
            "tags": {
              "Environment": "prod",
              "ManagedBy": "Terraform",
              "Name": "plan-charge-prod-payfit-api-url",
              "Owner": "NDA-Partners",
              "Project": "plan-charge"
            },
            "tags_all": {
              "Environment": "prod",
              "ManagedBy": "Terraform",
              "Name": "plan-charge-prod-payfit-api-url",
              "Owner": "NDA-Partners",
              "Project": "plan-charge"
            },
            "tier": "Standard",
            "type": "String",
            "value": "https://partner-api.payfit.com",
            "value_wo": null,
            "value_wo_version": null,
            "version": 1
          },
          "sensitive_attributes": [],
          "private": "bnVsbA=="
        }
      ]
    },
    {
      "mode": "managed",
      "type": "aws_ssm_parameter",
      "name": "redis_url",
      "provider": "provider[\"registry.terraform.io/hashicorp/aws\"]",
      "instances": [
        {
          "schema_version": 0,
          "attributes": {
            "allowed_pattern": "",
            "arn": "arn:aws:ssm:eu-west-3:557937909547:parameter/plan-charge/prod/redis-url",
            "data_type": "text",
            "description": "",
            "has_value_wo": null,
            "id": "/plan-charge/prod/redis-url",
            "insecure_value": null,
            "key_id": "",
            "name": "/plan-charge/prod/redis-url",
            "overwrite": null,
            "tags": {
              "Environment": "prod",
              "ManagedBy": "Terraform",
              "Name": "plan-charge-prod-redis-url",
              "Owner": "NDA-Partners",
              "Project": "plan-charge"
            },
            "tags_all": {
              "Environment": "prod",
              "ManagedBy": "Terraform",
              "Name": "plan-charge-prod-redis-url",
              "Owner": "NDA-Partners",
              "Project": "plan-charge"
            },
            "tier": "Standard",
            "type": "String",
            "value": "redis://plan-charge-prod-redis.apow54.0001.euw3.cache.amazonaws.com:6379/0",
            "value_wo": null,
            "value_wo_version": null,
            "version": 1
          },
          "sensitive_attributes": [],
          "private": "bnVsbA==",
          "dependencies": [
            "aws_cloudwatch_log_group.redis_slow",
            "aws_elasticache_cluster.redis",
            "aws_elasticache_parameter_group.redis",
            "aws_elasticache_subnet_group.redis",
            "aws_security_group.alb",
            "aws_security_group.ecs_tasks",
            "aws_security_group.redis",
            "aws_subnet.private",
            "aws_vpc.main",
            "data.aws_availability_zones.available"
          ]
        }
      ]
    },
    {
      "mode": "managed",
      "type": "aws_ssm_parameter",
      "name": "sso_allowed_domains",
      "provider": "provider[\"registry.terraform.io/hashicorp/aws\"]",
      "instances": [
        {
          "schema_version": 0,
          "attributes": {
            "allowed_pattern": "",
            "arn": "arn:aws:ssm:eu-west-3:557937909547:parameter/plan-charge/prod/sso-allowed-domains",
            "data_type": "text",
            "description": "",
            "has_value_wo": null,
            "id": "/plan-charge/prod/sso-allowed-domains",
            "insecure_value": null,
            "key_id": "",
            "name": "/plan-charge/prod/sso-allowed-domains",
            "overwrite": null,
            "tags": {
              "Environment": "prod",
              "ManagedBy": "Terraform",
              "Name": "plan-charge-prod-sso-allowed-domains",
              "Owner": "NDA-Partners",
              "Project": "plan-charge"
            },
            "tags_all": {
              "Environment": "prod",
              "ManagedBy": "Terraform",
              "Name": "plan-charge-prod-sso-allowed-domains",
              "Owner": "NDA-Partners",
              "Project": "plan-charge"
            },
            "tier": "Standard",
            "type": "String",
            "value": "nda-partners.com",
            "value_wo": null,
            "value_wo_version": null,
            "version": 1
          },
          "sensitive_attributes": [],
          "private": "bnVsbA=="
        }
      ]
    },
    {
      "mode": "managed",
      "type": "aws_ssm_parameter",
      "name": "sso_mandatory",
      "provider": "provider[\"registry.terraform.io/hashicorp/aws\"]",
      "instances": [
        {
          "schema_version": 0,
          "attributes": {
            "allowed_pattern": "",
            "arn": "arn:aws:ssm:eu-west-3:557937909547:parameter/plan-charge/prod/sso-mandatory",
            "data_type": "text",
            "description": "",
            "has_value_wo": null,
            "id": "/plan-charge/prod/sso-mandatory",
            "insecure_value": null,
            "key_id": "",
            "name": "/plan-charge/prod/sso-mandatory",
            "overwrite": null,
            "tags": {
              "Environment": "prod",
              "ManagedBy": "Terraform",
              "Name": "plan-charge-prod-sso-mandatory",
              "Owner": "NDA-Partners",
              "Project": "plan-charge"
            },
            "tags_all": {
              "Environment": "prod",
              "ManagedBy": "Terraform",
              "Name": "plan-charge-prod-sso-mandatory",
              "Owner": "NDA-Partners",
              "Project": "plan-charge"
            },
            "tier": "Standard",
            "type": "String",
            "value": "true",
            "value_wo": null,
            "value_wo_version": null,
            "version": 1
          },
          "sensitive_attributes": [],
          "private": "bnVsbA=="
        }
      ]
    },
    {
      "mode": "managed",
      "type": "aws_subnet",
      "name": "private",
      "provider": "provider[\"registry.terraform.io/hashicorp/aws\"]",
      "instances": [
        {
          "index_key": 0,
          "schema_version": 1,
          "attributes": {
            "arn": "arn:aws:ec2:eu-west-3:557937909547:subnet/subnet-04e83c8c930637597",
            "assign_ipv6_address_on_creation": false,
            "availability_zone": "eu-west-3a",
            "availability_zone_id": "euw3-az1",
            "cidr_block": "10.0.1.0/24",
            "customer_owned_ipv4_pool": "",
            "enable_dns64": false,
            "enable_lni_at_device_index": 0,
            "enable_resource_name_dns_a_record_on_launch": false,
            "enable_resource_name_dns_aaaa_record_on_launch": false,
            "id": "subnet-04e83c8c930637597",
            "ipv6_cidr_block": "",
            "ipv6_cidr_block_association_id": "",
            "ipv6_native": false,
            "map_customer_owned_ip_on_launch": false,
            "map_public_ip_on_launch": false,
            "outpost_arn": "",
            "owner_id": "557937909547",
            "private_dns_hostname_type_on_launch": "ip-name",
            "tags": {
              "Environment": "prod",
              "ManagedBy": "Terraform",
              "Name": "plan-charge-prod-private-subnet-1",
              "Owner": "NDA-Partners",
              "Project": "plan-charge",
              "Type": "Private"
            },
            "tags_all": {
              "Environment": "prod",
              "ManagedBy": "Terraform",
              "Name": "plan-charge-prod-private-subnet-1",
              "Owner": "NDA-Partners",
              "Project": "plan-charge",
              "Type": "Private"
            },
            "timeouts": null,
            "vpc_id": "vpc-085d1508f580455ed"
          },
          "sensitive_attributes": [],
          "private": "eyJlMmJmYjczMC1lY2FhLTExZTYtOGY4OC0zNDM2M2JjN2M0YzAiOnsiY3JlYXRlIjo2MDAwMDAwMDAwMDAsImRlbGV0ZSI6MTIwMDAwMDAwMDAwMH0sInNjaGVtYV92ZXJzaW9uIjoiMSJ9",
          "dependencies": [
            "aws_vpc.main",
            "data.aws_availability_zones.available"
          ]
        },
        {
          "index_key": 1,
          "schema_version": 1,
          "attributes": {
            "arn": "arn:aws:ec2:eu-west-3:557937909547:subnet/subnet-075ba669585873bb8",
            "assign_ipv6_address_on_creation": false,
            "availability_zone": "eu-west-3b",
            "availability_zone_id": "euw3-az2",
            "cidr_block": "10.0.2.0/24",
            "customer_owned_ipv4_pool": "",
            "enable_dns64": false,
            "enable_lni_at_device_index": 0,
            "enable_resource_name_dns_a_record_on_launch": false,
            "enable_resource_name_dns_aaaa_record_on_launch": false,
            "id": "subnet-075ba669585873bb8",
            "ipv6_cidr_block": "",
            "ipv6_cidr_block_association_id": "",
            "ipv6_native": false,
            "map_customer_owned_ip_on_launch": false,
            "map_public_ip_on_launch": false,
            "outpost_arn": "",
            "owner_id": "557937909547",
            "private_dns_hostname_type_on_launch": "ip-name",
            "tags": {
              "Environment": "prod",
              "ManagedBy": "Terraform",
              "Name": "plan-charge-prod-private-subnet-2",
              "Owner": "NDA-Partners",
              "Project": "plan-charge",
              "Type": "Private"
            },
            "tags_all": {
              "Environment": "prod",
              "ManagedBy": "Terraform",
              "Name": "plan-charge-prod-private-subnet-2",
              "Owner": "NDA-Partners",
              "Project": "plan-charge",
              "Type": "Private"
            },
            "timeouts": null,
            "vpc_id": "vpc-085d1508f580455ed"
          },
          "sensitive_attributes": [],
          "private": "eyJlMmJmYjczMC1lY2FhLTExZTYtOGY4OC0zNDM2M2JjN2M0YzAiOnsiY3JlYXRlIjo2MDAwMDAwMDAwMDAsImRlbGV0ZSI6MTIwMDAwMDAwMDAwMH0sInNjaGVtYV92ZXJzaW9uIjoiMSJ9",
          "dependencies": [
            "aws_vpc.main",
            "data.aws_availability_zones.available"
          ]
        }
      ]
    },
    {
      "mode": "managed",
      "type": "aws_subnet",
      "name": "public",
      "provider": "provider[\"registry.terraform.io/hashicorp/aws\"]",
      "instances": [
        {
          "index_key": 0,
          "schema_version": 1,
          "attributes": {
            "arn": "arn:aws:ec2:eu-west-3:557937909547:subnet/subnet-031435e219eb23350",
            "assign_ipv6_address_on_creation": false,
            "availability_zone": "eu-west-3a",
            "availability_zone_id": "euw3-az1",
            "cidr_block": "10.0.101.0/24",
            "customer_owned_ipv4_pool": "",
            "enable_dns64": false,
            "enable_lni_at_device_index": 0,
            "enable_resource_name_dns_a_record_on_launch": false,
            "enable_resource_name_dns_aaaa_record_on_launch": false,
            "id": "subnet-031435e219eb23350",
            "ipv6_cidr_block": "",
            "ipv6_cidr_block_association_id": "",
            "ipv6_native": false,
            "map_customer_owned_ip_on_launch": false,
            "map_public_ip_on_launch": true,
            "outpost_arn": "",
            "owner_id": "557937909547",
            "private_dns_hostname_type_on_launch": "ip-name",
            "tags": {
              "Environment": "prod",
              "ManagedBy": "Terraform",
              "Name": "plan-charge-prod-public-subnet-1",
              "Owner": "NDA-Partners",
              "Project": "plan-charge",
              "Type": "Public"
            },
            "tags_all": {
              "Environment": "prod",
              "ManagedBy": "Terraform",
              "Name": "plan-charge-prod-public-subnet-1",
              "Owner": "NDA-Partners",
              "Project": "plan-charge",
              "Type": "Public"
            },
            "timeouts": null,
            "vpc_id": "vpc-085d1508f580455ed"
          },
          "sensitive_attributes": [],
          "private": "eyJlMmJmYjczMC1lY2FhLTExZTYtOGY4OC0zNDM2M2JjN2M0YzAiOnsiY3JlYXRlIjo2MDAwMDAwMDAwMDAsImRlbGV0ZSI6MTIwMDAwMDAwMDAwMH0sInNjaGVtYV92ZXJzaW9uIjoiMSJ9",
          "dependencies": [
            "aws_vpc.main",
            "data.aws_availability_zones.available"
          ]
        },
        {
          "index_key": 1,
          "schema_version": 1,
          "attributes": {
            "arn": "arn:aws:ec2:eu-west-3:557937909547:subnet/subnet-0f9ff0127fc5d92b6",
            "assign_ipv6_address_on_creation": false,
            "availability_zone": "eu-west-3b",
            "availability_zone_id": "euw3-az2",
            "cidr_block": "10.0.102.0/24",
            "customer_owned_ipv4_pool": "",
            "enable_dns64": false,
            "enable_lni_at_device_index": 0,
            "enable_resource_name_dns_a_record_on_launch": false,
            "enable_resource_name_dns_aaaa_record_on_launch": false,
            "id": "subnet-0f9ff0127fc5d92b6",
            "ipv6_cidr_block": "",
            "ipv6_cidr_block_association_id": "",
            "ipv6_native": false,
            "map_customer_owned_ip_on_launch": false,
            "map_public_ip_on_launch": true,
            "outpost_arn": "",
            "owner_id": "557937909547",
            "private_dns_hostname_type_on_launch": "ip-name",
            "tags": {
              "Environment": "prod",
              "ManagedBy": "Terraform",
              "Name": "plan-charge-prod-public-subnet-2",
              "Owner": "NDA-Partners",
              "Project": "plan-charge",
              "Type": "Public"
            },
            "tags_all": {
              "Environment": "prod",
              "ManagedBy": "Terraform",
              "Name": "plan-charge-prod-public-subnet-2",
              "Owner": "NDA-Partners",
              "Project": "plan-charge",
              "Type": "Public"
            },
            "timeouts": null,
            "vpc_id": "vpc-085d1508f580455ed"
          },
          "sensitive_attributes": [],
          "private": "eyJlMmJmYjczMC1lY2FhLTExZTYtOGY4OC0zNDM2M2JjN2M0YzAiOnsiY3JlYXRlIjo2MDAwMDAwMDAwMDAsImRlbGV0ZSI6MTIwMDAwMDAwMDAwMH0sInNjaGVtYV92ZXJzaW9uIjoiMSJ9",
          "dependencies": [
            "aws_vpc.main",
            "data.aws_availability_zones.available"
          ]
        }
      ]
    },
    {
      "mode": "managed",
      "type": "aws_vpc",
      "name": "main",
      "provider": "provider[\"registry.terraform.io/hashicorp/aws\"]",
      "instances": [
        {
          "schema_version": 1,
          "attributes": {
            "arn": "arn:aws:ec2:eu-west-3:557937909547:vpc/vpc-085d1508f580455ed",
            "assign_generated_ipv6_cidr_block": false,
            "cidr_block": "10.0.0.0/16",
            "default_network_acl_id": "acl-0e8e619d342b8ed70",
            "default_route_table_id": "rtb-0558ed7b9683c0981",
            "default_security_group_id": "sg-0741e8369a0abe07e",
            "dhcp_options_id": "dopt-29e11341",
            "enable_dns_hostnames": true,
            "enable_dns_support": true,
            "enable_network_address_usage_metrics": false,
            "id": "vpc-085d1508f580455ed",
            "instance_tenancy": "default",
            "ipv4_ipam_pool_id": null,
            "ipv4_netmask_length": null,
            "ipv6_association_id": "",
            "ipv6_cidr_block": "",
            "ipv6_cidr_block_network_border_group": "",
            "ipv6_ipam_pool_id": "",
            "ipv6_netmask_length": 0,
            "main_route_table_id": "rtb-0558ed7b9683c0981",
            "owner_id": "557937909547",
            "tags": {
              "Environment": "prod",
              "ManagedBy": "Terraform",
              "Name": "plan-charge-prod-vpc",
              "Owner": "NDA-Partners",
              "Project": "plan-charge"
            },
            "tags_all": {
              "Environment": "prod",
              "ManagedBy": "Terraform",
              "Name": "plan-charge-prod-vpc",
              "Owner": "NDA-Partners",
              "Project": "plan-charge"
            }
          },
          "sensitive_attributes": [],
          "private": "eyJzY2hlbWFfdmVyc2lvbiI6IjEifQ==",
          "create_before_destroy": true
        }
      ]
    },
    {
      "mode": "managed",
      "type": "aws_vpc_endpoint",
      "name": "s3",
      "provider": "provider[\"registry.terraform.io/hashicorp/aws\"]",
      "instances": [
        {
          "schema_version": 0,
          "attributes": {
            "arn": "arn:aws:ec2:eu-west-3:557937909547:vpc-endpoint/vpce-061744d56a2e8c6b8",
            "auto_accept": null,
            "cidr_blocks": [
              "3.5.224.0/22",
              "16.12.18.0/23",
              "3.5.204.0/22",
              "52.95.154.0/23",
              "16.12.20.0/24",
              "52.95.156.0/24"
            ],
            "dns_entry": [],
            "dns_options": [],
            "id": "vpce-061744d56a2e8c6b8",
            "ip_address_type": "",
            "network_interface_ids": [],
            "owner_id": "557937909547",
            "policy": "{\"Statement\":[{\"Action\":\"*\",\"Effect\":\"Allow\",\"Principal\":\"*\",\"Resource\":\"*\"}],\"Version\":\"2008-10-17\"}",
            "prefix_list_id": "pl-23ad484a",
            "private_dns_enabled": false,
            "requester_managed": false,
            "resource_configuration_arn": "",
            "route_table_ids": [
              "rtb-09456c84ab8063417"
            ],
            "security_group_ids": [],
            "service_name": "com.amazonaws.eu-west-3.s3",
            "service_network_arn": "",
            "service_region": "eu-west-3",
            "state": "available",
            "subnet_configuration": [],
            "subnet_ids": [],
            "tags": {
              "Environment": "prod",
              "ManagedBy": "Terraform",
              "Name": "plan-charge-prod-s3-endpoint",
              "Owner": "NDA-Partners",
              "Project": "plan-charge"
            },
            "tags_all": {
              "Environment": "prod",
              "ManagedBy": "Terraform",
              "Name": "plan-charge-prod-s3-endpoint",
              "Owner": "NDA-Partners",
              "Project": "plan-charge"
            },
            "timeouts": null,
            "vpc_endpoint_type": "Gateway",
            "vpc_id": "vpc-085d1508f580455ed"
          },
          "sensitive_attributes": [],
          "private": "eyJlMmJmYjczMC1lY2FhLTExZTYtOGY4OC0zNDM2M2JjN2M0YzAiOnsiY3JlYXRlIjo2MDAwMDAwMDAwMDAsImRlbGV0ZSI6NjAwMDAwMDAwMDAwLCJ1cGRhdGUiOjYwMDAwMDAwMDAwMH19",
          "dependencies": [
            "aws_eip.nat",
            "aws_internet_gateway.main",
            "aws_nat_gateway.main",
            "aws_route_table.private",
            "aws_subnet.public",
            "aws_vpc.main",
            "data.aws_availability_zones.available"
          ]
        }
      ]
    },
    {
      "mode": "managed",
      "type": "random_password",
      "name": "db_password",
      "provider": "provider[\"registry.terraform.io/hashicorp/random\"]",
      "instances": [
        {
          "schema_version": 3,
          "attributes": {
            "bcrypt_hash": "$2a$10$D2qSjYLDfEyaz7.WhOJ8a.8UDPFPaP5iUUMjVYO5UoEDls0bZvYT2",
            "id": "none",
            "keepers": null,
            "length": 16,
            "lower": true,
            "min_lower": 0,
            "min_numeric": 0,
            "min_special": 0,
            "min_upper": 0,
            "number": true,
            "numeric": true,
            "override_special": null,
            "result": "4Se\u003cvRRq5KF9r)ms",
            "special": true,
            "upper": true
          },
          "sensitive_attributes": []
        }
      ]
    },
    {
      "mode": "managed",
      "type": "random_password",
      "name": "jwt_secret",
      "provider": "provider[\"registry.terraform.io/hashicorp/random\"]",
      "instances": [
        {
          "schema_version": 3,
          "attributes": {
            "bcrypt_hash": "$2a$10$1UW845UgAYefQ2t5ZteiEecey5GMB/1N3l2eYF9sY6Q7ArXjrGuo2",
            "id": "none",
            "keepers": {
              "provided_secret": null
            },
            "length": 32,
            "lower": true,
            "min_lower": 0,
            "min_numeric": 0,
            "min_special": 0,
            "min_upper": 0,
            "number": true,
            "numeric": true,
            "override_special": null,
            "result": "Pz=BTuVVM\u00262vr}@FN*olcF-2l9i}ek%o",
            "special": true,
            "upper": true
          },
          "sensitive_attributes": []
        }
      ]
    },
    {
      "mode": "managed",
      "type": "random_string",
      "name": "bucket_suffix",
      "provider": "provider[\"registry.terraform.io/hashicorp/random\"]",
      "instances": [
        {
          "schema_version": 2,
          "attributes": {
            "id": "403tac40",
            "keepers": null,
            "length": 8,
            "lower": true,
            "min_lower": 0,
            "min_numeric": 0,
            "min_special": 0,
            "min_upper": 0,
            "number": true,
            "numeric": true,
            "override_special": null,
            "result": "403tac40",
            "special": false,
            "upper": false
          },
          "sensitive_attributes": []
        }
      ]
    }
  ],
  "check_results": null
}
